// !$*UTF8*$!
{
	archiveVersion = 1;
	classes = {
	};
	objectVersion = 50;
	objects = {

/* Begin PBXBuildFile section */
		780508D322E5C33300A36E18 /* JYHTextField.swift in Sources */ = {isa = PBXBuildFile; fileRef = 780508D222E5C33300A36E18 /* JYHTextField.swift */; };
		7812000522E4544C00C32B9E /* Extension.swift in Sources */ = {isa = PBXBuildFile; fileRef = 7812000422E4544C00C32B9E /* Extension.swift */; };
		78231B4A230CFD220046E5FC /* StandInTabView.swift in Sources */ = {isa = PBXBuildFile; fileRef = 78231B49230CFD220046E5FC /* StandInTabView.swift */; };
		7829A30422D48256003CA1C7 /* ZipArchive.framework in Frameworks */ = {isa = PBXBuildFile; fileRef = 7829A2FE22D48249003CA1C7 /* ZipArchive.framework */; };
		7829A30722D482B9003CA1C7 /* ZipArchive.framework in Frameworks */ = {isa = PBXBuildFile; fileRef = 7829A2FE22D48249003CA1C7 /* ZipArchive.framework */; };
		7829A30822D482BE003CA1C7 /* ZipArchive.framework in Frameworks */ = {isa = PBXBuildFile; fileRef = 7829A2FE22D48249003CA1C7 /* ZipArchive.framework */; };
		782CCE3722E33A9C00346D24 /* TitleTabView.swift in Sources */ = {isa = PBXBuildFile; fileRef = 782CCE3622E33A9C00346D24 /* TitleTabView.swift */; };
		782CCE3922E3494C00346D24 /* TitleTabView.xib in Resources */ = {isa = PBXBuildFile; fileRef = 782CCE3822E3494C00346D24 /* TitleTabView.xib */; };
		782CCE3B22E36FE300346D24 /* TabsBarView.swift in Sources */ = {isa = PBXBuildFile; fileRef = 782CCE3A22E36FE300346D24 /* TabsBarView.swift */; };
		782CCE3F22E40D9000346D24 /* MainWindowController.swift in Sources */ = {isa = PBXBuildFile; fileRef = 782CCE3E22E40D9000346D24 /* MainWindowController.swift */; };
		784D278422D70469001CDEE1 /* 046画板 10@1.5x.png in Resources */ = {isa = PBXBuildFile; fileRef = 784D278122D70468001CDEE1 /* 046画板 10@1.5x.png */; };
		784D278522D70469001CDEE1 /* 046画板 10@0.5x.png in Resources */ = {isa = PBXBuildFile; fileRef = 784D278222D70468001CDEE1 /* 046画板 10@0.5x.png */; };
		784D278622D70469001CDEE1 /* 046画板 10.png in Resources */ = {isa = PBXBuildFile; fileRef = 784D278322D70468001CDEE1 /* 046画板 10.png */; };
		784D27AE22D704A7001CDEE1 /* 047画板 12.png in Resources */ = {isa = PBXBuildFile; fileRef = 784D278722D7049B001CDEE1 /* 047画板 12.png */; };
		784D27AF22D704A7001CDEE1 /* 047画板 21@0.5x.png in Resources */ = {isa = PBXBuildFile; fileRef = 784D278822D7049B001CDEE1 /* 047画板 21@0.5x.png */; };
		784D27B022D704A7001CDEE1 /* 047画板 11.png in Resources */ = {isa = PBXBuildFile; fileRef = 784D278922D7049B001CDEE1 /* 047画板 11.png */; };
		784D27B122D704A7001CDEE1 /* 047画板 17@0.5x.png in Resources */ = {isa = PBXBuildFile; fileRef = 784D278A22D7049B001CDEE1 /* 047画板 17@0.5x.png */; };
		784D27B222D704A7001CDEE1 /* 047画板 13@1.5x.png in Resources */ = {isa = PBXBuildFile; fileRef = 784D278B22D7049C001CDEE1 /* 047画板 13@1.5x.png */; };
		784D27B322D704A7001CDEE1 /* 047画板 14.png in Resources */ = {isa = PBXBuildFile; fileRef = 784D278C22D7049C001CDEE1 /* 047画板 14.png */; };
		784D27B422D704A7001CDEE1 /* 047画板 13@0.5x.png in Resources */ = {isa = PBXBuildFile; fileRef = 784D278D22D7049C001CDEE1 /* 047画板 13@0.5x.png */; };
		784D27B522D704A7001CDEE1 /* 047画板 20@1.5x.png in Resources */ = {isa = PBXBuildFile; fileRef = 784D278E22D7049C001CDEE1 /* 047画板 20@1.5x.png */; };
		784D27B622D704A7001CDEE1 /* 047画板 18.png in Resources */ = {isa = PBXBuildFile; fileRef = 784D278F22D7049C001CDEE1 /* 047画板 18.png */; };
		784D27B722D704A7001CDEE1 /* 047画板 13.png in Resources */ = {isa = PBXBuildFile; fileRef = 784D279022D7049D001CDEE1 /* 047画板 13.png */; };
		784D27B822D704A7001CDEE1 /* 047画板 17@1.5x.png in Resources */ = {isa = PBXBuildFile; fileRef = 784D279122D7049D001CDEE1 /* 047画板 17@1.5x.png */; };
		784D27B922D704A7001CDEE1 /* 047画板 19.png in Resources */ = {isa = PBXBuildFile; fileRef = 784D279222D7049D001CDEE1 /* 047画板 19.png */; };
		784D27BA22D704A7001CDEE1 /* 047画板 23@1.5x.png in Resources */ = {isa = PBXBuildFile; fileRef = 784D279322D7049D001CDEE1 /* 047画板 23@1.5x.png */; };
		784D27BB22D704A7001CDEE1 /* 047画板 15@1.5x.png in Resources */ = {isa = PBXBuildFile; fileRef = 784D279422D7049D001CDEE1 /* 047画板 15@1.5x.png */; };
		784D27BC22D704A7001CDEE1 /* 047画板 20.png in Resources */ = {isa = PBXBuildFile; fileRef = 784D279522D7049E001CDEE1 /* 047画板 20.png */; };
		784D27BD22D704A7001CDEE1 /* 047画板 14@1.5x.png in Resources */ = {isa = PBXBuildFile; fileRef = 784D279622D7049E001CDEE1 /* 047画板 14@1.5x.png */; };
		784D27BE22D704A7001CDEE1 /* 047画板 18@0.5x.png in Resources */ = {isa = PBXBuildFile; fileRef = 784D279722D7049F001CDEE1 /* 047画板 18@0.5x.png */; };
		784D27BF22D704A7001CDEE1 /* 047画板 17.png in Resources */ = {isa = PBXBuildFile; fileRef = 784D279822D7049F001CDEE1 /* 047画板 17.png */; };
		784D27C022D704A7001CDEE1 /* 047画板 11@0.5x.png in Resources */ = {isa = PBXBuildFile; fileRef = 784D279922D7049F001CDEE1 /* 047画板 11@0.5x.png */; };
		784D27C122D704A7001CDEE1 /* 047画板 18@1.5x.png in Resources */ = {isa = PBXBuildFile; fileRef = 784D279A22D704A0001CDEE1 /* 047画板 18@1.5x.png */; };
		784D27C222D704A7001CDEE1 /* 047画板 22@0.5x.png in Resources */ = {isa = PBXBuildFile; fileRef = 784D279B22D704A0001CDEE1 /* 047画板 22@0.5x.png */; };
		784D27C322D704A7001CDEE1 /* 047画板 21@1.5x.png in Resources */ = {isa = PBXBuildFile; fileRef = 784D279C22D704A0001CDEE1 /* 047画板 21@1.5x.png */; };
		784D27C422D704A7001CDEE1 /* 047画板 11@1.5x.png in Resources */ = {isa = PBXBuildFile; fileRef = 784D279D22D704A0001CDEE1 /* 047画板 11@1.5x.png */; };
		784D27C522D704A7001CDEE1 /* 047画板 14@0.5x.png in Resources */ = {isa = PBXBuildFile; fileRef = 784D279E22D704A1001CDEE1 /* 047画板 14@0.5x.png */; };
		784D27C622D704A7001CDEE1 /* 047画板 16@0.5x.png in Resources */ = {isa = PBXBuildFile; fileRef = 784D279F22D704A1001CDEE1 /* 047画板 16@0.5x.png */; };
		784D27C722D704A7001CDEE1 /* 047画板 12@1.5x.png in Resources */ = {isa = PBXBuildFile; fileRef = 784D27A022D704A2001CDEE1 /* 047画板 12@1.5x.png */; };
		784D27C822D704A7001CDEE1 /* 047画板 16@1.5x.png in Resources */ = {isa = PBXBuildFile; fileRef = 784D27A122D704A3001CDEE1 /* 047画板 16@1.5x.png */; };
		784D27C922D704A7001CDEE1 /* 047画板 12@0.5x.png in Resources */ = {isa = PBXBuildFile; fileRef = 784D27A222D704A3001CDEE1 /* 047画板 12@0.5x.png */; };
		784D27CA22D704A7001CDEE1 /* 047画板 19@1.5x.png in Resources */ = {isa = PBXBuildFile; fileRef = 784D27A322D704A3001CDEE1 /* 047画板 19@1.5x.png */; };
		784D27CB22D704A7001CDEE1 /* 047画板 21.png in Resources */ = {isa = PBXBuildFile; fileRef = 784D27A422D704A4001CDEE1 /* 047画板 21.png */; };
		784D27CC22D704A7001CDEE1 /* 047画板 16.png in Resources */ = {isa = PBXBuildFile; fileRef = 784D27A522D704A4001CDEE1 /* 047画板 16.png */; };
		784D27CD22D704A7001CDEE1 /* 047画板 20@0.5x.png in Resources */ = {isa = PBXBuildFile; fileRef = 784D27A622D704A5001CDEE1 /* 047画板 20@0.5x.png */; };
		784D27CE22D704A7001CDEE1 /* 047画板 22@1.5x.png in Resources */ = {isa = PBXBuildFile; fileRef = 784D27A722D704A5001CDEE1 /* 047画板 22@1.5x.png */; };
		784D27CF22D704A7001CDEE1 /* 047画板 23.png in Resources */ = {isa = PBXBuildFile; fileRef = 784D27A822D704A5001CDEE1 /* 047画板 23.png */; };
		784D27D022D704A7001CDEE1 /* 047画板 15.png in Resources */ = {isa = PBXBuildFile; fileRef = 784D27A922D704A5001CDEE1 /* 047画板 15.png */; };
		784D27D122D704A7001CDEE1 /* 047画板 19@0.5x.png in Resources */ = {isa = PBXBuildFile; fileRef = 784D27AA22D704A6001CDEE1 /* 047画板 19@0.5x.png */; };
		784D27D222D704A7001CDEE1 /* 047画板 23@0.5x.png in Resources */ = {isa = PBXBuildFile; fileRef = 784D27AB22D704A6001CDEE1 /* 047画板 23@0.5x.png */; };
		784D27D322D704A7001CDEE1 /* 047画板 15@0.5x.png in Resources */ = {isa = PBXBuildFile; fileRef = 784D27AC22D704A6001CDEE1 /* 047画板 15@0.5x.png */; };
		784D27D422D704A7001CDEE1 /* 047画板 22.png in Resources */ = {isa = PBXBuildFile; fileRef = 784D27AD22D704A6001CDEE1 /* 047画板 22.png */; };
		78A6DEA022E2C88700FEAC85 /* CatalogWindowController.swift in Sources */ = {isa = PBXBuildFile; fileRef = 78A6DE9E22E2C88700FEAC85 /* CatalogWindowController.swift */; };
		78A6DEA122E2C88700FEAC85 /* CatalogWindowController.xib in Resources */ = {isa = PBXBuildFile; fileRef = 78A6DE9F22E2C88700FEAC85 /* CatalogWindowController.xib */; };
		78A96C7422E459A400280327 /* Recent.swift in Sources */ = {isa = PBXBuildFile; fileRef = 78A96C7322E459A400280327 /* Recent.swift */; };
		78A96C7C22E4D43A00280327 /* JYHView.swift in Sources */ = {isa = PBXBuildFile; fileRef = 78A96C7B22E4D43A00280327 /* JYHView.swift */; };
		78C1015622D5FE070073416E /* 037画板 1.png in Resources */ = {isa = PBXBuildFile; fileRef = 78C1015522D5FE070073416E /* 037画板 1.png */; };
		78C1017522D5FEA10073416E /* 037画板 1@16x.png in Resources */ = {isa = PBXBuildFile; fileRef = 78C1015722D5FE9C0073416E /* 037画板 1@16x.png */; };
		78C1017622D5FEA10073416E /* 037画板 6.png in Resources */ = {isa = PBXBuildFile; fileRef = 78C1015822D5FE9C0073416E /* 037画板 6.png */; };
		78C1017722D5FEA10073416E /* 037画板 7.png in Resources */ = {isa = PBXBuildFile; fileRef = 78C1015922D5FE9D0073416E /* 037画板 7.png */; };
		78C1017822D5FEA10073416E /* 037画板 4@0.5x.png in Resources */ = {isa = PBXBuildFile; fileRef = 78C1015A22D5FE9D0073416E /* 037画板 4@0.5x.png */; };
		78C1017922D5FEA10073416E /* 037画板 9.png in Resources */ = {isa = PBXBuildFile; fileRef = 78C1015B22D5FE9D0073416E /* 037画板 9.png */; };
		78C1017A22D5FEA10073416E /* 037画板 9@1.5x.png in Resources */ = {isa = PBXBuildFile; fileRef = 78C1015C22D5FE9D0073416E /* 037画板 9@1.5x.png */; };
		78C1017B22D5FEA10073416E /* 037画板 9@0.5x.png in Resources */ = {isa = PBXBuildFile; fileRef = 78C1015D22D5FE9D0073416E /* 037画板 9@0.5x.png */; };
		78C1017C22D5FEA10073416E /* 037画板 8@1.5x.png in Resources */ = {isa = PBXBuildFile; fileRef = 78C1015E22D5FE9D0073416E /* 037画板 8@1.5x.png */; };
		78C1017D22D5FEA10073416E /* 037画板 6@0.5x.png in Resources */ = {isa = PBXBuildFile; fileRef = 78C1015F22D5FE9D0073416E /* 037画板 6@0.5x.png */; };
		78C1017E22D5FEA10073416E /* 037画板 8.png in Resources */ = {isa = PBXBuildFile; fileRef = 78C1016022D5FE9E0073416E /* 037画板 8.png */; };
		78C1017F22D5FEA10073416E /* 037画板 7@1.5x.png in Resources */ = {isa = PBXBuildFile; fileRef = 78C1016122D5FE9E0073416E /* 037画板 7@1.5x.png */; };
		78C1018022D5FEA10073416E /* 037画板 2@0.5x.png in Resources */ = {isa = PBXBuildFile; fileRef = 78C1016222D5FE9E0073416E /* 037画板 2@0.5x.png */; };
		78C1018122D5FEA10073416E /* 037画板 1@4x.png in Resources */ = {isa = PBXBuildFile; fileRef = 78C1016322D5FE9E0073416E /* 037画板 1@4x.png */; };
		78C1018222D5FEA10073416E /* 037画板 6@1.5x.png in Resources */ = {isa = PBXBuildFile; fileRef = 78C1016422D5FE9E0073416E /* 037画板 6@1.5x.png */; };
		78C1018322D5FEA10073416E /* 037画板 5@0.5x.png in Resources */ = {isa = PBXBuildFile; fileRef = 78C1016522D5FE9E0073416E /* 037画板 5@0.5x.png */; };
		78C1018422D5FEA10073416E /* 037画板 3@1.5x.png in Resources */ = {isa = PBXBuildFile; fileRef = 78C1016622D5FE9E0073416E /* 037画板 3@1.5x.png */; };
		78C1018522D5FEA10073416E /* 037画板 5.png in Resources */ = {isa = PBXBuildFile; fileRef = 78C1016722D5FE9E0073416E /* 037画板 5.png */; };
		78C1018622D5FEA10073416E /* 037画板 7@0.5x.png in Resources */ = {isa = PBXBuildFile; fileRef = 78C1016822D5FE9E0073416E /* 037画板 7@0.5x.png */; };
		78C1018722D5FEA10073416E /* 037画板 4.png in Resources */ = {isa = PBXBuildFile; fileRef = 78C1016922D5FE9F0073416E /* 037画板 4.png */; };
		78C1018822D5FEA10073416E /* 037画板 4@1.5x.png in Resources */ = {isa = PBXBuildFile; fileRef = 78C1016A22D5FE9F0073416E /* 037画板 4@1.5x.png */; };
		78C1018922D5FEA10073416E /* 037画板 2.png in Resources */ = {isa = PBXBuildFile; fileRef = 78C1016B22D5FE9F0073416E /* 037画板 2.png */; };
		78C1018A22D5FEA10073416E /* 037画板 1@2x.png in Resources */ = {isa = PBXBuildFile; fileRef = 78C1016C22D5FE9F0073416E /* 037画板 1@2x.png */; };
		78C1018B22D5FEA10073416E /* 037画板 8@0.5x.png in Resources */ = {isa = PBXBuildFile; fileRef = 78C1016D22D5FE9F0073416E /* 037画板 8@0.5x.png */; };
		78C1018C22D5FEA10073416E /* 037画板 3@0.5x.png in Resources */ = {isa = PBXBuildFile; fileRef = 78C1016E22D5FE9F0073416E /* 037画板 3@0.5x.png */; };
		78C1018D22D5FEA10073416E /* 037画板 1@0.5x.png in Resources */ = {isa = PBXBuildFile; fileRef = 78C1016F22D5FE9F0073416E /* 037画板 1@0.5x.png */; };
		78C1018E22D5FEA10073416E /* 037画板 1@32x.png in Resources */ = {isa = PBXBuildFile; fileRef = 78C1017022D5FE9F0073416E /* 037画板 1@32x.png */; };
		78C1018F22D5FEA10073416E /* 037画板 1@8x.png in Resources */ = {isa = PBXBuildFile; fileRef = 78C1017122D5FEA00073416E /* 037画板 1@8x.png */; };
		78C1019022D5FEA10073416E /* 037画板 2@1.5x.png in Resources */ = {isa = PBXBuildFile; fileRef = 78C1017222D5FEA00073416E /* 037画板 2@1.5x.png */; };
		78C1019122D5FEA10073416E /* 037画板 3.png in Resources */ = {isa = PBXBuildFile; fileRef = 78C1017322D5FEA00073416E /* 037画板 3.png */; };
		78C1019222D5FEA10073416E /* 037画板 5@1.5x.png in Resources */ = {isa = PBXBuildFile; fileRef = 78C1017422D5FEA00073416E /* 037画板 5@1.5x.png */; };
		78FB474322D4365800A9F4AF /* AppDelegate.swift in Sources */ = {isa = PBXBuildFile; fileRef = 78FB474222D4365800A9F4AF /* AppDelegate.swift */; };
		78FB474522D4365800A9F4AF /* ViewController.swift in Sources */ = {isa = PBXBuildFile; fileRef = 78FB474422D4365800A9F4AF /* ViewController.swift */; };
		78FB474722D4365900A9F4AF /* Assets.xcassets in Resources */ = {isa = PBXBuildFile; fileRef = 78FB474622D4365900A9F4AF /* Assets.xcassets */; };
		78FB474A22D4365900A9F4AF /* Main.storyboard in Resources */ = {isa = PBXBuildFile; fileRef = 78FB474822D4365900A9F4AF /* Main.storyboard */; };
		78FB475622D4365900A9F4AF /* iWriterTests.swift in Sources */ = {isa = PBXBuildFile; fileRef = 78FB475522D4365900A9F4AF /* iWriterTests.swift */; };
		78FB476122D4365900A9F4AF /* iWriterUITests.swift in Sources */ = {isa = PBXBuildFile; fileRef = 78FB476022D4365900A9F4AF /* iWriterUITests.swift */; };
		78FB477522D4383900A9F4AF /* Info.swift in Sources */ = {isa = PBXBuildFile; fileRef = 78FB477422D4383900A9F4AF /* Info.swift */; };
		78FB477722D4384800A9F4AF /* Catalog.swift in Sources */ = {isa = PBXBuildFile; fileRef = 78FB477622D4384800A9F4AF /* Catalog.swift */; };
		78FB477922D4385700A9F4AF /* Role.swift in Sources */ = {isa = PBXBuildFile; fileRef = 78FB477822D4385700A9F4AF /* Role.swift */; };
		78FB477B22D4386200A9F4AF /* Symbol.swift in Sources */ = {isa = PBXBuildFile; fileRef = 78FB477A22D4386200A9F4AF /* Symbol.swift */; };
		78FB477D22D4387600A9F4AF /* Status.swift in Sources */ = {isa = PBXBuildFile; fileRef = 78FB477C22D4387600A9F4AF /* Status.swift */; };
		78FB477F22D4389B00A9F4AF /* DataDelegate.swift in Sources */ = {isa = PBXBuildFile; fileRef = 78FB477E22D4389B00A9F4AF /* DataDelegate.swift */; };
		78FB478122D442B200A9F4AF /* Works.swift in Sources */ = {isa = PBXBuildFile; fileRef = 78FB478022D442B200A9F4AF /* Works.swift */; };
		78FEDAC922DC9926001AFCB2 /* Search.swift in Sources */ = {isa = PBXBuildFile; fileRef = 78FEDAC822DC9926001AFCB2 /* Search.swift */; };
/* End PBXBuildFile section */

/* Begin PBXContainerItemProxy section */
		7829A2FB22D48249003CA1C7 /* PBXContainerItemProxy */ = {
			isa = PBXContainerItemProxy;
			containerPortal = 7829A2F422D48248003CA1C7 /* ZipArchive.xcodeproj */;
			proxyType = 2;
			remoteGlobalIDString = B423AE1A1C0DF76A0004A2F1;
			remoteInfo = "ZipArchive-iOS";
		};
		7829A2FD22D48249003CA1C7 /* PBXContainerItemProxy */ = {
			isa = PBXContainerItemProxy;
			containerPortal = 7829A2F422D48248003CA1C7 /* ZipArchive.xcodeproj */;
			proxyType = 2;
			remoteGlobalIDString = AFF75A241C37279600F450AC;
			remoteInfo = "ZipArchive-Mac";
		};
		7829A2FF22D48249003CA1C7 /* PBXContainerItemProxy */ = {
			isa = PBXContainerItemProxy;
			containerPortal = 7829A2F422D48248003CA1C7 /* ZipArchive.xcodeproj */;
			proxyType = 2;
			remoteGlobalIDString = 37952C261F63B50D00DD6677;
			remoteInfo = "ZipArchive-tvos";
		};
		7829A30122D48249003CA1C7 /* PBXContainerItemProxy */ = {
			isa = PBXContainerItemProxy;
			containerPortal = 7829A2F422D48248003CA1C7 /* ZipArchive.xcodeproj */;
			proxyType = 2;
			remoteGlobalIDString = 37952C5E1F63BB7100DD6677;
			remoteInfo = "ZipArchive-watchos";
		};
		78FB475222D4365900A9F4AF /* PBXContainerItemProxy */ = {
			isa = PBXContainerItemProxy;
			containerPortal = 78FB473722D4365800A9F4AF /* Project object */;
			proxyType = 1;
			remoteGlobalIDString = 78FB473E22D4365800A9F4AF;
			remoteInfo = iWriter;
		};
		78FB475D22D4365900A9F4AF /* PBXContainerItemProxy */ = {
			isa = PBXContainerItemProxy;
			containerPortal = 78FB473722D4365800A9F4AF /* Project object */;
			proxyType = 1;
			remoteGlobalIDString = 78FB473E22D4365800A9F4AF;
			remoteInfo = iWriter;
		};
/* End PBXContainerItemProxy section */

/* Begin PBXFileReference section */
		780508D222E5C33300A36E18 /* JYHTextField.swift */ = {isa = PBXFileReference; lastKnownFileType = sourcecode.swift; path = JYHTextField.swift; sourceTree = "<group>"; };
		7812000422E4544C00C32B9E /* Extension.swift */ = {isa = PBXFileReference; lastKnownFileType = sourcecode.swift; path = Extension.swift; sourceTree = "<group>"; };
		78231B49230CFD220046E5FC /* StandInTabView.swift */ = {isa = PBXFileReference; lastKnownFileType = sourcecode.swift; path = StandInTabView.swift; sourceTree = "<group>"; };
		7829A2F422D48248003CA1C7 /* ZipArchive.xcodeproj */ = {isa = PBXFileReference; lastKnownFileType = "wrapper.pb-project"; name = ZipArchive.xcodeproj; path = "ZipArchive-master/ZipArchive.xcodeproj"; sourceTree = "<group>"; };
		782CCE3622E33A9C00346D24 /* TitleTabView.swift */ = {isa = PBXFileReference; lastKnownFileType = sourcecode.swift; path = TitleTabView.swift; sourceTree = "<group>"; };
		782CCE3822E3494C00346D24 /* TitleTabView.xib */ = {isa = PBXFileReference; lastKnownFileType = file.xib; path = TitleTabView.xib; sourceTree = "<group>"; };
		782CCE3A22E36FE300346D24 /* TabsBarView.swift */ = {isa = PBXFileReference; lastKnownFileType = sourcecode.swift; path = TabsBarView.swift; sourceTree = "<group>"; };
		782CCE3E22E40D9000346D24 /* MainWindowController.swift */ = {isa = PBXFileReference; lastKnownFileType = sourcecode.swift; path = MainWindowController.swift; sourceTree = "<group>"; };
		784D278122D70468001CDEE1 /* 046画板 10@1.5x.png */ = {isa = PBXFileReference; lastKnownFileType = image.png; path = "046画板 10@1.5x.png"; sourceTree = "<group>"; };
		784D278222D70468001CDEE1 /* 046画板 10@0.5x.png */ = {isa = PBXFileReference; lastKnownFileType = image.png; path = "046画板 10@0.5x.png"; sourceTree = "<group>"; };
		784D278322D70468001CDEE1 /* 046画板 10.png */ = {isa = PBXFileReference; lastKnownFileType = image.png; path = "046画板 10.png"; sourceTree = "<group>"; };
		784D278722D7049B001CDEE1 /* 047画板 12.png */ = {isa = PBXFileReference; lastKnownFileType = image.png; path = "047画板 12.png"; sourceTree = "<group>"; };
		784D278822D7049B001CDEE1 /* 047画板 21@0.5x.png */ = {isa = PBXFileReference; lastKnownFileType = image.png; path = "047画板 21@0.5x.png"; sourceTree = "<group>"; };
		784D278922D7049B001CDEE1 /* 047画板 11.png */ = {isa = PBXFileReference; lastKnownFileType = image.png; path = "047画板 11.png"; sourceTree = "<group>"; };
		784D278A22D7049B001CDEE1 /* 047画板 17@0.5x.png */ = {isa = PBXFileReference; lastKnownFileType = image.png; path = "047画板 17@0.5x.png"; sourceTree = "<group>"; };
		784D278B22D7049C001CDEE1 /* 047画板 13@1.5x.png */ = {isa = PBXFileReference; lastKnownFileType = image.png; path = "047画板 13@1.5x.png"; sourceTree = "<group>"; };
		784D278C22D7049C001CDEE1 /* 047画板 14.png */ = {isa = PBXFileReference; lastKnownFileType = image.png; path = "047画板 14.png"; sourceTree = "<group>"; };
		784D278D22D7049C001CDEE1 /* 047画板 13@0.5x.png */ = {isa = PBXFileReference; lastKnownFileType = image.png; path = "047画板 13@0.5x.png"; sourceTree = "<group>"; };
		784D278E22D7049C001CDEE1 /* 047画板 20@1.5x.png */ = {isa = PBXFileReference; lastKnownFileType = image.png; path = "047画板 20@1.5x.png"; sourceTree = "<group>"; };
		784D278F22D7049C001CDEE1 /* 047画板 18.png */ = {isa = PBXFileReference; lastKnownFileType = image.png; path = "047画板 18.png"; sourceTree = "<group>"; };
		784D279022D7049D001CDEE1 /* 047画板 13.png */ = {isa = PBXFileReference; lastKnownFileType = image.png; path = "047画板 13.png"; sourceTree = "<group>"; };
		784D279122D7049D001CDEE1 /* 047画板 17@1.5x.png */ = {isa = PBXFileReference; lastKnownFileType = image.png; path = "047画板 17@1.5x.png"; sourceTree = "<group>"; };
		784D279222D7049D001CDEE1 /* 047画板 19.png */ = {isa = PBXFileReference; lastKnownFileType = image.png; path = "047画板 19.png"; sourceTree = "<group>"; };
		784D279322D7049D001CDEE1 /* 047画板 23@1.5x.png */ = {isa = PBXFileReference; lastKnownFileType = image.png; path = "047画板 23@1.5x.png"; sourceTree = "<group>"; };
		784D279422D7049D001CDEE1 /* 047画板 15@1.5x.png */ = {isa = PBXFileReference; lastKnownFileType = image.png; path = "047画板 15@1.5x.png"; sourceTree = "<group>"; };
		784D279522D7049E001CDEE1 /* 047画板 20.png */ = {isa = PBXFileReference; lastKnownFileType = image.png; path = "047画板 20.png"; sourceTree = "<group>"; };
		784D279622D7049E001CDEE1 /* 047画板 14@1.5x.png */ = {isa = PBXFileReference; lastKnownFileType = image.png; path = "047画板 14@1.5x.png"; sourceTree = "<group>"; };
		784D279722D7049F001CDEE1 /* 047画板 18@0.5x.png */ = {isa = PBXFileReference; lastKnownFileType = image.png; path = "047画板 18@0.5x.png"; sourceTree = "<group>"; };
		784D279822D7049F001CDEE1 /* 047画板 17.png */ = {isa = PBXFileReference; lastKnownFileType = image.png; path = "047画板 17.png"; sourceTree = "<group>"; };
		784D279922D7049F001CDEE1 /* 047画板 11@0.5x.png */ = {isa = PBXFileReference; lastKnownFileType = image.png; path = "047画板 11@0.5x.png"; sourceTree = "<group>"; };
		784D279A22D704A0001CDEE1 /* 047画板 18@1.5x.png */ = {isa = PBXFileReference; lastKnownFileType = image.png; path = "047画板 18@1.5x.png"; sourceTree = "<group>"; };
		784D279B22D704A0001CDEE1 /* 047画板 22@0.5x.png */ = {isa = PBXFileReference; lastKnownFileType = image.png; path = "047画板 22@0.5x.png"; sourceTree = "<group>"; };
		784D279C22D704A0001CDEE1 /* 047画板 21@1.5x.png */ = {isa = PBXFileReference; lastKnownFileType = image.png; path = "047画板 21@1.5x.png"; sourceTree = "<group>"; };
		784D279D22D704A0001CDEE1 /* 047画板 11@1.5x.png */ = {isa = PBXFileReference; lastKnownFileType = image.png; path = "047画板 11@1.5x.png"; sourceTree = "<group>"; };
		784D279E22D704A1001CDEE1 /* 047画板 14@0.5x.png */ = {isa = PBXFileReference; lastKnownFileType = image.png; path = "047画板 14@0.5x.png"; sourceTree = "<group>"; };
		784D279F22D704A1001CDEE1 /* 047画板 16@0.5x.png */ = {isa = PBXFileReference; lastKnownFileType = image.png; path = "047画板 16@0.5x.png"; sourceTree = "<group>"; };
		784D27A022D704A2001CDEE1 /* 047画板 12@1.5x.png */ = {isa = PBXFileReference; lastKnownFileType = image.png; path = "047画板 12@1.5x.png"; sourceTree = "<group>"; };
		784D27A122D704A3001CDEE1 /* 047画板 16@1.5x.png */ = {isa = PBXFileReference; lastKnownFileType = image.png; path = "047画板 16@1.5x.png"; sourceTree = "<group>"; };
		784D27A222D704A3001CDEE1 /* 047画板 12@0.5x.png */ = {isa = PBXFileReference; lastKnownFileType = image.png; path = "047画板 12@0.5x.png"; sourceTree = "<group>"; };
		784D27A322D704A3001CDEE1 /* 047画板 19@1.5x.png */ = {isa = PBXFileReference; lastKnownFileType = image.png; path = "047画板 19@1.5x.png"; sourceTree = "<group>"; };
		784D27A422D704A4001CDEE1 /* 047画板 21.png */ = {isa = PBXFileReference; lastKnownFileType = image.png; path = "047画板 21.png"; sourceTree = "<group>"; };
		784D27A522D704A4001CDEE1 /* 047画板 16.png */ = {isa = PBXFileReference; lastKnownFileType = image.png; path = "047画板 16.png"; sourceTree = "<group>"; };
		784D27A622D704A5001CDEE1 /* 047画板 20@0.5x.png */ = {isa = PBXFileReference; lastKnownFileType = image.png; path = "047画板 20@0.5x.png"; sourceTree = "<group>"; };
		784D27A722D704A5001CDEE1 /* 047画板 22@1.5x.png */ = {isa = PBXFileReference; lastKnownFileType = image.png; path = "047画板 22@1.5x.png"; sourceTree = "<group>"; };
		784D27A822D704A5001CDEE1 /* 047画板 23.png */ = {isa = PBXFileReference; lastKnownFileType = image.png; path = "047画板 23.png"; sourceTree = "<group>"; };
		784D27A922D704A5001CDEE1 /* 047画板 15.png */ = {isa = PBXFileReference; lastKnownFileType = image.png; path = "047画板 15.png"; sourceTree = "<group>"; };
		784D27AA22D704A6001CDEE1 /* 047画板 19@0.5x.png */ = {isa = PBXFileReference; lastKnownFileType = image.png; path = "047画板 19@0.5x.png"; sourceTree = "<group>"; };
		784D27AB22D704A6001CDEE1 /* 047画板 23@0.5x.png */ = {isa = PBXFileReference; lastKnownFileType = image.png; path = "047画板 23@0.5x.png"; sourceTree = "<group>"; };
		784D27AC22D704A6001CDEE1 /* 047画板 15@0.5x.png */ = {isa = PBXFileReference; lastKnownFileType = image.png; path = "047画板 15@0.5x.png"; sourceTree = "<group>"; };
		784D27AD22D704A6001CDEE1 /* 047画板 22.png */ = {isa = PBXFileReference; lastKnownFileType = image.png; path = "047画板 22.png"; sourceTree = "<group>"; };
		78A6DE9E22E2C88700FEAC85 /* CatalogWindowController.swift */ = {isa = PBXFileReference; lastKnownFileType = sourcecode.swift; path = CatalogWindowController.swift; sourceTree = "<group>"; };
		78A6DE9F22E2C88700FEAC85 /* CatalogWindowController.xib */ = {isa = PBXFileReference; lastKnownFileType = file.xib; path = CatalogWindowController.xib; sourceTree = "<group>"; };
		78A96C7322E459A400280327 /* Recent.swift */ = {isa = PBXFileReference; lastKnownFileType = sourcecode.swift; path = Recent.swift; sourceTree = "<group>"; };
		78A96C7B22E4D43A00280327 /* JYHView.swift */ = {isa = PBXFileReference; lastKnownFileType = sourcecode.swift; path = JYHView.swift; sourceTree = "<group>"; };
		78C1015522D5FE070073416E /* 037画板 1.png */ = {isa = PBXFileReference; lastKnownFileType = image.png; name = "037画板 1.png"; path = "../../../../Downloads/037画板 1.png"; sourceTree = "<group>"; };
		78C1015722D5FE9C0073416E /* 037画板 1@16x.png */ = {isa = PBXFileReference; lastKnownFileType = image.png; path = "037画板 1@16x.png"; sourceTree = "<group>"; };
		78C1015822D5FE9C0073416E /* 037画板 6.png */ = {isa = PBXFileReference; lastKnownFileType = image.png; path = "037画板 6.png"; sourceTree = "<group>"; };
		78C1015922D5FE9D0073416E /* 037画板 7.png */ = {isa = PBXFileReference; lastKnownFileType = image.png; path = "037画板 7.png"; sourceTree = "<group>"; };
		78C1015A22D5FE9D0073416E /* 037画板 4@0.5x.png */ = {isa = PBXFileReference; lastKnownFileType = image.png; path = "037画板 4@0.5x.png"; sourceTree = "<group>"; };
		78C1015B22D5FE9D0073416E /* 037画板 9.png */ = {isa = PBXFileReference; lastKnownFileType = image.png; path = "037画板 9.png"; sourceTree = "<group>"; };
		78C1015C22D5FE9D0073416E /* 037画板 9@1.5x.png */ = {isa = PBXFileReference; lastKnownFileType = image.png; path = "037画板 9@1.5x.png"; sourceTree = "<group>"; };
		78C1015D22D5FE9D0073416E /* 037画板 9@0.5x.png */ = {isa = PBXFileReference; lastKnownFileType = image.png; path = "037画板 9@0.5x.png"; sourceTree = "<group>"; };
		78C1015E22D5FE9D0073416E /* 037画板 8@1.5x.png */ = {isa = PBXFileReference; lastKnownFileType = image.png; path = "037画板 8@1.5x.png"; sourceTree = "<group>"; };
		78C1015F22D5FE9D0073416E /* 037画板 6@0.5x.png */ = {isa = PBXFileReference; lastKnownFileType = image.png; path = "037画板 6@0.5x.png"; sourceTree = "<group>"; };
		78C1016022D5FE9E0073416E /* 037画板 8.png */ = {isa = PBXFileReference; lastKnownFileType = image.png; path = "037画板 8.png"; sourceTree = "<group>"; };
		78C1016122D5FE9E0073416E /* 037画板 7@1.5x.png */ = {isa = PBXFileReference; lastKnownFileType = image.png; path = "037画板 7@1.5x.png"; sourceTree = "<group>"; };
		78C1016222D5FE9E0073416E /* 037画板 2@0.5x.png */ = {isa = PBXFileReference; lastKnownFileType = image.png; path = "037画板 2@0.5x.png"; sourceTree = "<group>"; };
		78C1016322D5FE9E0073416E /* 037画板 1@4x.png */ = {isa = PBXFileReference; lastKnownFileType = image.png; path = "037画板 1@4x.png"; sourceTree = "<group>"; };
		78C1016422D5FE9E0073416E /* 037画板 6@1.5x.png */ = {isa = PBXFileReference; lastKnownFileType = image.png; path = "037画板 6@1.5x.png"; sourceTree = "<group>"; };
		78C1016522D5FE9E0073416E /* 037画板 5@0.5x.png */ = {isa = PBXFileReference; lastKnownFileType = image.png; path = "037画板 5@0.5x.png"; sourceTree = "<group>"; };
		78C1016622D5FE9E0073416E /* 037画板 3@1.5x.png */ = {isa = PBXFileReference; lastKnownFileType = image.png; path = "037画板 3@1.5x.png"; sourceTree = "<group>"; };
		78C1016722D5FE9E0073416E /* 037画板 5.png */ = {isa = PBXFileReference; lastKnownFileType = image.png; path = "037画板 5.png"; sourceTree = "<group>"; };
		78C1016822D5FE9E0073416E /* 037画板 7@0.5x.png */ = {isa = PBXFileReference; lastKnownFileType = image.png; path = "037画板 7@0.5x.png"; sourceTree = "<group>"; };
		78C1016922D5FE9F0073416E /* 037画板 4.png */ = {isa = PBXFileReference; lastKnownFileType = image.png; path = "037画板 4.png"; sourceTree = "<group>"; };
		78C1016A22D5FE9F0073416E /* 037画板 4@1.5x.png */ = {isa = PBXFileReference; lastKnownFileType = image.png; path = "037画板 4@1.5x.png"; sourceTree = "<group>"; };
		78C1016B22D5FE9F0073416E /* 037画板 2.png */ = {isa = PBXFileReference; lastKnownFileType = image.png; path = "037画板 2.png"; sourceTree = "<group>"; };
		78C1016C22D5FE9F0073416E /* 037画板 1@2x.png */ = {isa = PBXFileReference; lastKnownFileType = image.png; path = "037画板 1@2x.png"; sourceTree = "<group>"; };
		78C1016D22D5FE9F0073416E /* 037画板 8@0.5x.png */ = {isa = PBXFileReference; lastKnownFileType = image.png; path = "037画板 8@0.5x.png"; sourceTree = "<group>"; };
		78C1016E22D5FE9F0073416E /* 037画板 3@0.5x.png */ = {isa = PBXFileReference; lastKnownFileType = image.png; path = "037画板 3@0.5x.png"; sourceTree = "<group>"; };
		78C1016F22D5FE9F0073416E /* 037画板 1@0.5x.png */ = {isa = PBXFileReference; lastKnownFileType = image.png; path = "037画板 1@0.5x.png"; sourceTree = "<group>"; };
		78C1017022D5FE9F0073416E /* 037画板 1@32x.png */ = {isa = PBXFileReference; lastKnownFileType = image.png; path = "037画板 1@32x.png"; sourceTree = "<group>"; };
		78C1017122D5FEA00073416E /* 037画板 1@8x.png */ = {isa = PBXFileReference; lastKnownFileType = image.png; path = "037画板 1@8x.png"; sourceTree = "<group>"; };
		78C1017222D5FEA00073416E /* 037画板 2@1.5x.png */ = {isa = PBXFileReference; lastKnownFileType = image.png; path = "037画板 2@1.5x.png"; sourceTree = "<group>"; };
		78C1017322D5FEA00073416E /* 037画板 3.png */ = {isa = PBXFileReference; lastKnownFileType = image.png; path = "037画板 3.png"; sourceTree = "<group>"; };
		78C1017422D5FEA00073416E /* 037画板 5@1.5x.png */ = {isa = PBXFileReference; lastKnownFileType = image.png; path = "037画板 5@1.5x.png"; sourceTree = "<group>"; };
		78C1019522D616E50073416E /* 037画板 1.png */ = {isa = PBXFileReference; lastKnownFileType = image.png; name = "037画板 1.png"; path = "../../../../Downloads/037画板 1.png"; sourceTree = "<group>"; };
		78FB473F22D4365800A9F4AF /* iWriter.app */ = {isa = PBXFileReference; explicitFileType = wrapper.application; includeInIndex = 0; path = iWriter.app; sourceTree = BUILT_PRODUCTS_DIR; };
		78FB474222D4365800A9F4AF /* AppDelegate.swift */ = {isa = PBXFileReference; lastKnownFileType = sourcecode.swift; path = AppDelegate.swift; sourceTree = "<group>"; };
		78FB474422D4365800A9F4AF /* ViewController.swift */ = {isa = PBXFileReference; lastKnownFileType = sourcecode.swift; path = ViewController.swift; sourceTree = "<group>"; };
		78FB474622D4365900A9F4AF /* Assets.xcassets */ = {isa = PBXFileReference; lastKnownFileType = folder.assetcatalog; path = Assets.xcassets; sourceTree = "<group>"; };
		78FB474922D4365900A9F4AF /* Base */ = {isa = PBXFileReference; lastKnownFileType = file.storyboard; name = Base; path = Base.lproj/Main.storyboard; sourceTree = "<group>"; };
		78FB474B22D4365900A9F4AF /* Info.plist */ = {isa = PBXFileReference; lastKnownFileType = text.plist.xml; path = Info.plist; sourceTree = "<group>"; };
		78FB474C22D4365900A9F4AF /* iWriter.entitlements */ = {isa = PBXFileReference; lastKnownFileType = text.plist.entitlements; path = iWriter.entitlements; sourceTree = "<group>"; };
		78FB475122D4365900A9F4AF /* iWriterTests.xctest */ = {isa = PBXFileReference; explicitFileType = wrapper.cfbundle; includeInIndex = 0; path = iWriterTests.xctest; sourceTree = BUILT_PRODUCTS_DIR; };
		78FB475522D4365900A9F4AF /* iWriterTests.swift */ = {isa = PBXFileReference; lastKnownFileType = sourcecode.swift; path = iWriterTests.swift; sourceTree = "<group>"; };
		78FB475722D4365900A9F4AF /* Info.plist */ = {isa = PBXFileReference; lastKnownFileType = text.plist.xml; path = Info.plist; sourceTree = "<group>"; };
		78FB475C22D4365900A9F4AF /* iWriterUITests.xctest */ = {isa = PBXFileReference; explicitFileType = wrapper.cfbundle; includeInIndex = 0; path = iWriterUITests.xctest; sourceTree = BUILT_PRODUCTS_DIR; };
		78FB476022D4365900A9F4AF /* iWriterUITests.swift */ = {isa = PBXFileReference; lastKnownFileType = sourcecode.swift; path = iWriterUITests.swift; sourceTree = "<group>"; };
		78FB476222D4365900A9F4AF /* Info.plist */ = {isa = PBXFileReference; lastKnownFileType = text.plist.xml; path = Info.plist; sourceTree = "<group>"; };
		78FB477422D4383900A9F4AF /* Info.swift */ = {isa = PBXFileReference; lastKnownFileType = sourcecode.swift; path = Info.swift; sourceTree = "<group>"; };
		78FB477622D4384800A9F4AF /* Catalog.swift */ = {isa = PBXFileReference; lastKnownFileType = sourcecode.swift; path = Catalog.swift; sourceTree = "<group>"; };
		78FB477822D4385700A9F4AF /* Role.swift */ = {isa = PBXFileReference; lastKnownFileType = sourcecode.swift; path = Role.swift; sourceTree = "<group>"; };
		78FB477A22D4386200A9F4AF /* Symbol.swift */ = {isa = PBXFileReference; lastKnownFileType = sourcecode.swift; path = Symbol.swift; sourceTree = "<group>"; };
		78FB477C22D4387600A9F4AF /* Status.swift */ = {isa = PBXFileReference; lastKnownFileType = sourcecode.swift; path = Status.swift; sourceTree = "<group>"; };
		78FB477E22D4389B00A9F4AF /* DataDelegate.swift */ = {isa = PBXFileReference; lastKnownFileType = sourcecode.swift; path = DataDelegate.swift; sourceTree = "<group>"; };
		78FB478022D442B200A9F4AF /* Works.swift */ = {isa = PBXFileReference; lastKnownFileType = sourcecode.swift; path = Works.swift; sourceTree = "<group>"; };
		78FEDAC822DC9926001AFCB2 /* Search.swift */ = {isa = PBXFileReference; lastKnownFileType = sourcecode.swift; path = Search.swift; sourceTree = "<group>"; };
/* End PBXFileReference section */

/* Begin PBXFrameworksBuildPhase section */
		78FB473C22D4365800A9F4AF /* Frameworks */ = {
			isa = PBXFrameworksBuildPhase;
			buildActionMask = 2147483647;
			files = (
				7829A30422D48256003CA1C7 /* ZipArchive.framework in Frameworks */,
			);
			runOnlyForDeploymentPostprocessing = 0;
		};
		78FB474E22D4365900A9F4AF /* Frameworks */ = {
			isa = PBXFrameworksBuildPhase;
			buildActionMask = 2147483647;
			files = (
				7829A30722D482B9003CA1C7 /* ZipArchive.framework in Frameworks */,
			);
			runOnlyForDeploymentPostprocessing = 0;
		};
		78FB475922D4365900A9F4AF /* Frameworks */ = {
			isa = PBXFrameworksBuildPhase;
			buildActionMask = 2147483647;
			files = (
				7829A30822D482BE003CA1C7 /* ZipArchive.framework in Frameworks */,
			);
			runOnlyForDeploymentPostprocessing = 0;
		};
/* End PBXFrameworksBuildPhase section */

/* Begin PBXGroup section */
		7829A2F522D48248003CA1C7 /* Products */ = {
			isa = PBXGroup;
			children = (
				7829A2FC22D48249003CA1C7 /* ZipArchive.framework */,
				7829A2FE22D48249003CA1C7 /* ZipArchive.framework */,
				7829A30022D48249003CA1C7 /* ZipArchive.framework */,
				7829A30222D48249003CA1C7 /* ZipArchive.framework */,
			);
			name = Products;
			sourceTree = "<group>";
		};
		7829A30322D48256003CA1C7 /* Frameworks */ = {
			isa = PBXGroup;
			children = (
			);
			name = Frameworks;
			sourceTree = "<group>";
		};
		786726D122E2B3B700C3DB05 /* Views */ = {
			isa = PBXGroup;
			children = (
				78A96C7B22E4D43A00280327 /* JYHView.swift */,
				780508D222E5C33300A36E18 /* JYHTextField.swift */,
				782CCE3A22E36FE300346D24 /* TabsBarView.swift */,
				78231B49230CFD220046E5FC /* StandInTabView.swift */,
				782CCE3622E33A9C00346D24 /* TitleTabView.swift */,
				782CCE3822E3494C00346D24 /* TitleTabView.xib */,
			);
			path = Views;
			sourceTree = "<group>";
		};
		78A6DE9922E2C85900FEAC85 /* Windows */ = {
			isa = PBXGroup;
			children = (
				78A6DE9E22E2C88700FEAC85 /* CatalogWindowController.swift */,
				78A6DE9F22E2C88700FEAC85 /* CatalogWindowController.xib */,
				782CCE3E22E40D9000346D24 /* MainWindowController.swift */,
			);
			path = Windows;
			sourceTree = "<group>";
		};
		78FB473622D4365800A9F4AF = {
			isa = PBXGroup;
			children = (
				78FB476F22D4377300A9F4AF /* Models */,
				786726D122E2B3B700C3DB05 /* Views */,
				78A6DE9922E2C85900FEAC85 /* Windows */,
				78FB477222D4380900A9F4AF /* Business */,
				78FB477122D437D700A9F4AF /* Resources */,
				78FB477022D4378500A9F4AF /* Venders */,
				78FB477322D4381000A9F4AF /* Other */,
				78FB474122D4365800A9F4AF /* iWriter */,
				78FB475422D4365900A9F4AF /* iWriterTests */,
				78FB475F22D4365900A9F4AF /* iWriterUITests */,
				78FB474022D4365800A9F4AF /* Products */,
				7829A30322D48256003CA1C7 /* Frameworks */,
			);
			sourceTree = "<group>";
		};
		78FB474022D4365800A9F4AF /* Products */ = {
			isa = PBXGroup;
			children = (
				78FB473F22D4365800A9F4AF /* iWriter.app */,
				78FB475122D4365900A9F4AF /* iWriterTests.xctest */,
				78FB475C22D4365900A9F4AF /* iWriterUITests.xctest */,
			);
			name = Products;
			sourceTree = "<group>";
		};
		78FB474122D4365800A9F4AF /* iWriter */ = {
			isa = PBXGroup;
			children = (
				78FB474222D4365800A9F4AF /* AppDelegate.swift */,
				78FB474422D4365800A9F4AF /* ViewController.swift */,
				78FB474622D4365900A9F4AF /* Assets.xcassets */,
				78FB474822D4365900A9F4AF /* Main.storyboard */,
				78FB474B22D4365900A9F4AF /* Info.plist */,
				78FB474C22D4365900A9F4AF /* iWriter.entitlements */,
			);
			path = iWriter;
			sourceTree = "<group>";
		};
		78FB475422D4365900A9F4AF /* iWriterTests */ = {
			isa = PBXGroup;
			children = (
				78FB475522D4365900A9F4AF /* iWriterTests.swift */,
				78FB475722D4365900A9F4AF /* Info.plist */,
			);
			path = iWriterTests;
			sourceTree = "<group>";
		};
		78FB475F22D4365900A9F4AF /* iWriterUITests */ = {
			isa = PBXGroup;
			children = (
				78FB476022D4365900A9F4AF /* iWriterUITests.swift */,
				78FB476222D4365900A9F4AF /* Info.plist */,
			);
			path = iWriterUITests;
			sourceTree = "<group>";
		};
		78FB476F22D4377300A9F4AF /* Models */ = {
			isa = PBXGroup;
			children = (
				78FB477422D4383900A9F4AF /* Info.swift */,
				78FB477622D4384800A9F4AF /* Catalog.swift */,
				78FB477822D4385700A9F4AF /* Role.swift */,
				78FB477A22D4386200A9F4AF /* Symbol.swift */,
				78FB477C22D4387600A9F4AF /* Status.swift */,
				78FB477E22D4389B00A9F4AF /* DataDelegate.swift */,
				78FEDAC822DC9926001AFCB2 /* Search.swift */,
			);
			path = Models;
			sourceTree = "<group>";
		};
		78FB477022D4378500A9F4AF /* Venders */ = {
			isa = PBXGroup;
			children = (
				7829A2F422D48248003CA1C7 /* ZipArchive.xcodeproj */,
			);
			path = Venders;
			sourceTree = "<group>";
		};
		78FB477122D437D700A9F4AF /* Resources */ = {
			isa = PBXGroup;
			children = (
				784D278322D70468001CDEE1 /* 046画板 10.png */,
				784D278222D70468001CDEE1 /* 046画板 10@0.5x.png */,
				784D278122D70468001CDEE1 /* 046画板 10@1.5x.png */,
				784D278922D7049B001CDEE1 /* 047画板 11.png */,
				784D279922D7049F001CDEE1 /* 047画板 11@0.5x.png */,
				784D279D22D704A0001CDEE1 /* 047画板 11@1.5x.png */,
				784D278722D7049B001CDEE1 /* 047画板 12.png */,
				784D27A222D704A3001CDEE1 /* 047画板 12@0.5x.png */,
				784D27A022D704A2001CDEE1 /* 047画板 12@1.5x.png */,
				784D279022D7049D001CDEE1 /* 047画板 13.png */,
				784D278D22D7049C001CDEE1 /* 047画板 13@0.5x.png */,
				784D278B22D7049C001CDEE1 /* 047画板 13@1.5x.png */,
				784D278C22D7049C001CDEE1 /* 047画板 14.png */,
				784D279E22D704A1001CDEE1 /* 047画板 14@0.5x.png */,
				784D279622D7049E001CDEE1 /* 047画板 14@1.5x.png */,
				784D27A922D704A5001CDEE1 /* 047画板 15.png */,
				784D27AC22D704A6001CDEE1 /* 047画板 15@0.5x.png */,
				784D279422D7049D001CDEE1 /* 047画板 15@1.5x.png */,
				784D27A522D704A4001CDEE1 /* 047画板 16.png */,
				784D279F22D704A1001CDEE1 /* 047画板 16@0.5x.png */,
				784D27A122D704A3001CDEE1 /* 047画板 16@1.5x.png */,
				784D279822D7049F001CDEE1 /* 047画板 17.png */,
				784D278A22D7049B001CDEE1 /* 047画板 17@0.5x.png */,
				784D279122D7049D001CDEE1 /* 047画板 17@1.5x.png */,
				784D278F22D7049C001CDEE1 /* 047画板 18.png */,
				784D279722D7049F001CDEE1 /* 047画板 18@0.5x.png */,
				784D279A22D704A0001CDEE1 /* 047画板 18@1.5x.png */,
				784D279222D7049D001CDEE1 /* 047画板 19.png */,
				784D27AA22D704A6001CDEE1 /* 047画板 19@0.5x.png */,
				784D27A322D704A3001CDEE1 /* 047画板 19@1.5x.png */,
				784D279522D7049E001CDEE1 /* 047画板 20.png */,
				784D27A622D704A5001CDEE1 /* 047画板 20@0.5x.png */,
				784D278E22D7049C001CDEE1 /* 047画板 20@1.5x.png */,
				784D27A422D704A4001CDEE1 /* 047画板 21.png */,
				784D278822D7049B001CDEE1 /* 047画板 21@0.5x.png */,
				784D279C22D704A0001CDEE1 /* 047画板 21@1.5x.png */,
				784D27AD22D704A6001CDEE1 /* 047画板 22.png */,
				784D279B22D704A0001CDEE1 /* 047画板 22@0.5x.png */,
				784D27A722D704A5001CDEE1 /* 047画板 22@1.5x.png */,
				784D27A822D704A5001CDEE1 /* 047画板 23.png */,
				784D27AB22D704A6001CDEE1 /* 047画板 23@0.5x.png */,
				784D279322D7049D001CDEE1 /* 047画板 23@1.5x.png */,
				78C1019522D616E50073416E /* 037画板 1.png */,
				78C1016F22D5FE9F0073416E /* 037画板 1@0.5x.png */,
				78C1016C22D5FE9F0073416E /* 037画板 1@2x.png */,
				78C1016322D5FE9E0073416E /* 037画板 1@4x.png */,
				78C1017122D5FEA00073416E /* 037画板 1@8x.png */,
				78C1015722D5FE9C0073416E /* 037画板 1@16x.png */,
				78C1017022D5FE9F0073416E /* 037画板 1@32x.png */,
				78C1016B22D5FE9F0073416E /* 037画板 2.png */,
				78C1016222D5FE9E0073416E /* 037画板 2@0.5x.png */,
				78C1017222D5FEA00073416E /* 037画板 2@1.5x.png */,
				78C1017322D5FEA00073416E /* 037画板 3.png */,
				78C1016E22D5FE9F0073416E /* 037画板 3@0.5x.png */,
				78C1016622D5FE9E0073416E /* 037画板 3@1.5x.png */,
				78C1016922D5FE9F0073416E /* 037画板 4.png */,
				78C1015A22D5FE9D0073416E /* 037画板 4@0.5x.png */,
				78C1016A22D5FE9F0073416E /* 037画板 4@1.5x.png */,
				78C1016722D5FE9E0073416E /* 037画板 5.png */,
				78C1016522D5FE9E0073416E /* 037画板 5@0.5x.png */,
				78C1017422D5FEA00073416E /* 037画板 5@1.5x.png */,
				78C1015822D5FE9C0073416E /* 037画板 6.png */,
				78C1015F22D5FE9D0073416E /* 037画板 6@0.5x.png */,
				78C1016422D5FE9E0073416E /* 037画板 6@1.5x.png */,
				78C1015922D5FE9D0073416E /* 037画板 7.png */,
				78C1016822D5FE9E0073416E /* 037画板 7@0.5x.png */,
				78C1016122D5FE9E0073416E /* 037画板 7@1.5x.png */,
				78C1016022D5FE9E0073416E /* 037画板 8.png */,
				78C1016D22D5FE9F0073416E /* 037画板 8@0.5x.png */,
				78C1015E22D5FE9D0073416E /* 037画板 8@1.5x.png */,
				78C1015B22D5FE9D0073416E /* 037画板 9.png */,
				78C1015D22D5FE9D0073416E /* 037画板 9@0.5x.png */,
				78C1015C22D5FE9D0073416E /* 037画板 9@1.5x.png */,
				78C1015522D5FE070073416E /* 037画板 1.png */,
			);
			path = Resources;
			sourceTree = "<group>";
		};
		78FB477222D4380900A9F4AF /* Business */ = {
			isa = PBXGroup;
			children = (
				78FB478022D442B200A9F4AF /* Works.swift */,
				78A96C7322E459A400280327 /* Recent.swift */,
			);
			path = Business;
			sourceTree = "<group>";
		};
		78FB477322D4381000A9F4AF /* Other */ = {
			isa = PBXGroup;
			children = (
				7812000422E4544C00C32B9E /* Extension.swift */,
			);
			path = Other;
			sourceTree = "<group>";
		};
/* End PBXGroup section */

/* Begin PBXNativeTarget section */
		78FB473E22D4365800A9F4AF /* iWriter */ = {
			isa = PBXNativeTarget;
			buildConfigurationList = 78FB476522D4365900A9F4AF /* Build configuration list for PBXNativeTarget "iWriter" */;
			buildPhases = (
				78FB473B22D4365800A9F4AF /* Sources */,
				78FB473C22D4365800A9F4AF /* Frameworks */,
				78FB473D22D4365800A9F4AF /* Resources */,
			);
			buildRules = (
			);
			dependencies = (
			);
			name = iWriter;
			productName = iWriter;
			productReference = 78FB473F22D4365800A9F4AF /* iWriter.app */;
			productType = "com.apple.product-type.application";
		};
		78FB475022D4365900A9F4AF /* iWriterTests */ = {
			isa = PBXNativeTarget;
			buildConfigurationList = 78FB476822D4365900A9F4AF /* Build configuration list for PBXNativeTarget "iWriterTests" */;
			buildPhases = (
				78FB474D22D4365900A9F4AF /* Sources */,
				78FB474E22D4365900A9F4AF /* Frameworks */,
				78FB474F22D4365900A9F4AF /* Resources */,
			);
			buildRules = (
			);
			dependencies = (
				78FB475322D4365900A9F4AF /* PBXTargetDependency */,
			);
			name = iWriterTests;
			productName = iWriterTests;
			productReference = 78FB475122D4365900A9F4AF /* iWriterTests.xctest */;
			productType = "com.apple.product-type.bundle.unit-test";
		};
		78FB475B22D4365900A9F4AF /* iWriterUITests */ = {
			isa = PBXNativeTarget;
			buildConfigurationList = 78FB476B22D4365900A9F4AF /* Build configuration list for PBXNativeTarget "iWriterUITests" */;
			buildPhases = (
				78FB475822D4365900A9F4AF /* Sources */,
				78FB475922D4365900A9F4AF /* Frameworks */,
				78FB475A22D4365900A9F4AF /* Resources */,
			);
			buildRules = (
			);
			dependencies = (
				78FB475E22D4365900A9F4AF /* PBXTargetDependency */,
			);
			name = iWriterUITests;
			productName = iWriterUITests;
			productReference = 78FB475C22D4365900A9F4AF /* iWriterUITests.xctest */;
			productType = "com.apple.product-type.bundle.ui-testing";
		};
/* End PBXNativeTarget section */

/* Begin PBXProject section */
		78FB473722D4365800A9F4AF /* Project object */ = {
			isa = PBXProject;
			attributes = {
				LastSwiftUpdateCheck = 1020;
				LastUpgradeCheck = 1030;
				ORGANIZATIONNAME = Jiangyouhua;
				TargetAttributes = {
					78FB473E22D4365800A9F4AF = {
						CreatedOnToolsVersion = 10.2.1;
						SystemCapabilities = {
							com.apple.Sandbox = {
								enabled = 1;
							};
						};
					};
					78FB475022D4365900A9F4AF = {
						CreatedOnToolsVersion = 10.2.1;
						TestTargetID = 78FB473E22D4365800A9F4AF;
					};
					78FB475B22D4365900A9F4AF = {
						CreatedOnToolsVersion = 10.2.1;
						TestTargetID = 78FB473E22D4365800A9F4AF;
					};
				};
			};
			buildConfigurationList = 78FB473A22D4365800A9F4AF /* Build configuration list for PBXProject "iWriter" */;
			compatibilityVersion = "Xcode 9.3";
			developmentRegion = en;
			hasScannedForEncodings = 0;
			knownRegions = (
				en,
				Base,
			);
			mainGroup = 78FB473622D4365800A9F4AF;
			productRefGroup = 78FB474022D4365800A9F4AF /* Products */;
			projectDirPath = "";
			projectReferences = (
				{
					ProductGroup = 7829A2F522D48248003CA1C7 /* Products */;
					ProjectRef = 7829A2F422D48248003CA1C7 /* ZipArchive.xcodeproj */;
				},
			);
			projectRoot = "";
			targets = (
				78FB473E22D4365800A9F4AF /* iWriter */,
				78FB475022D4365900A9F4AF /* iWriterTests */,
				78FB475B22D4365900A9F4AF /* iWriterUITests */,
			);
		};
/* End PBXProject section */

/* Begin PBXReferenceProxy section */
		7829A2FC22D48249003CA1C7 /* ZipArchive.framework */ = {
			isa = PBXReferenceProxy;
			fileType = wrapper.framework;
			path = ZipArchive.framework;
			remoteRef = 7829A2FB22D48249003CA1C7 /* PBXContainerItemProxy */;
			sourceTree = BUILT_PRODUCTS_DIR;
		};
		7829A2FE22D48249003CA1C7 /* ZipArchive.framework */ = {
			isa = PBXReferenceProxy;
			fileType = wrapper.framework;
			path = ZipArchive.framework;
			remoteRef = 7829A2FD22D48249003CA1C7 /* PBXContainerItemProxy */;
			sourceTree = BUILT_PRODUCTS_DIR;
		};
		7829A30022D48249003CA1C7 /* ZipArchive.framework */ = {
			isa = PBXReferenceProxy;
			fileType = wrapper.framework;
			path = ZipArchive.framework;
			remoteRef = 7829A2FF22D48249003CA1C7 /* PBXContainerItemProxy */;
			sourceTree = BUILT_PRODUCTS_DIR;
		};
		7829A30222D48249003CA1C7 /* ZipArchive.framework */ = {
			isa = PBXReferenceProxy;
			fileType = wrapper.framework;
			path = ZipArchive.framework;
			remoteRef = 7829A30122D48249003CA1C7 /* PBXContainerItemProxy */;
			sourceTree = BUILT_PRODUCTS_DIR;
		};
/* End PBXReferenceProxy section */

/* Begin PBXResourcesBuildPhase section */
		78FB473D22D4365800A9F4AF /* Resources */ = {
			isa = PBXResourcesBuildPhase;
			buildActionMask = 2147483647;
			files = (
				784D27C922D704A7001CDEE1 /* 047画板 12@0.5x.png in Resources */,
				784D27CF22D704A7001CDEE1 /* 047画板 23.png in Resources */,
				78C1015622D5FE070073416E /* 037画板 1.png in Resources */,
				78C1018822D5FEA10073416E /* 037画板 4@1.5x.png in Resources */,
				78C1018322D5FEA10073416E /* 037画板 5@0.5x.png in Resources */,
				784D27B922D704A7001CDEE1 /* 047画板 19.png in Resources */,
				784D27B122D704A7001CDEE1 /* 047画板 17@0.5x.png in Resources */,
				784D27CE22D704A7001CDEE1 /* 047画板 22@1.5x.png in Resources */,
				78C1018D22D5FEA10073416E /* 037画板 1@0.5x.png in Resources */,
				78C1018422D5FEA10073416E /* 037画板 3@1.5x.png in Resources */,
				78C1019122D5FEA10073416E /* 037画板 3.png in Resources */,
				78C1018222D5FEA10073416E /* 037画板 6@1.5x.png in Resources */,
				78C1018722D5FEA10073416E /* 037画板 4.png in Resources */,
				78FB474722D4365900A9F4AF /* Assets.xcassets in Resources */,
				78C1018122D5FEA10073416E /* 037画板 1@4x.png in Resources */,
				784D27CB22D704A7001CDEE1 /* 047画板 21.png in Resources */,
				784D27B322D704A7001CDEE1 /* 047画板 14.png in Resources */,
				784D27B822D704A7001CDEE1 /* 047画板 17@1.5x.png in Resources */,
				78C1017F22D5FEA10073416E /* 037画板 7@1.5x.png in Resources */,
				78C1018F22D5FEA10073416E /* 037画板 1@8x.png in Resources */,
				784D27BB22D704A7001CDEE1 /* 047画板 15@1.5x.png in Resources */,
				784D27D322D704A7001CDEE1 /* 047画板 15@0.5x.png in Resources */,
				784D27C322D704A7001CDEE1 /* 047画板 21@1.5x.png in Resources */,
				784D27BC22D704A7001CDEE1 /* 047画板 20.png in Resources */,
				784D27BD22D704A7001CDEE1 /* 047画板 14@1.5x.png in Resources */,
				78C1019022D5FEA10073416E /* 037画板 2@1.5x.png in Resources */,
				78C1018C22D5FEA10073416E /* 037画板 3@0.5x.png in Resources */,
				784D27AF22D704A7001CDEE1 /* 047画板 21@0.5x.png in Resources */,
				78C1017C22D5FEA10073416E /* 037画板 8@1.5x.png in Resources */,
				784D27C222D704A7001CDEE1 /* 047画板 22@0.5x.png in Resources */,
				784D27C722D704A7001CDEE1 /* 047画板 12@1.5x.png in Resources */,
				784D27B722D704A7001CDEE1 /* 047画板 13.png in Resources */,
				784D27C622D704A7001CDEE1 /* 047画板 16@0.5x.png in Resources */,
				784D278422D70469001CDEE1 /* 046画板 10@1.5x.png in Resources */,
				784D27D022D704A7001CDEE1 /* 047画板 15.png in Resources */,
				784D27D122D704A7001CDEE1 /* 047画板 19@0.5x.png in Resources */,
				78C1018A22D5FEA10073416E /* 037画板 1@2x.png in Resources */,
				78C1017E22D5FEA10073416E /* 037画板 8.png in Resources */,
				78C1017A22D5FEA10073416E /* 037画板 9@1.5x.png in Resources */,
				78C1018922D5FEA10073416E /* 037画板 2.png in Resources */,
				784D27B522D704A7001CDEE1 /* 047画板 20@1.5x.png in Resources */,
				784D27B622D704A7001CDEE1 /* 047画板 18.png in Resources */,
				784D27C122D704A7001CDEE1 /* 047画板 18@1.5x.png in Resources */,
				78C1017D22D5FEA10073416E /* 037画板 6@0.5x.png in Resources */,
				784D27CA22D704A7001CDEE1 /* 047画板 19@1.5x.png in Resources */,
				784D27CD22D704A7001CDEE1 /* 047画板 20@0.5x.png in Resources */,
				784D27BF22D704A7001CDEE1 /* 047画板 17.png in Resources */,
				78C1018622D5FEA10073416E /* 037画板 7@0.5x.png in Resources */,
				78C1019222D5FEA10073416E /* 037画板 5@1.5x.png in Resources */,
				784D27C522D704A7001CDEE1 /* 047画板 14@0.5x.png in Resources */,
				782CCE3922E3494C00346D24 /* TitleTabView.xib in Resources */,
				78C1017B22D5FEA10073416E /* 037画板 9@0.5x.png in Resources */,
				78C1017522D5FEA10073416E /* 037画板 1@16x.png in Resources */,
				784D27CC22D704A7001CDEE1 /* 047画板 16.png in Resources */,
				784D27C822D704A7001CDEE1 /* 047画板 16@1.5x.png in Resources */,
				78C1017922D5FEA10073416E /* 037画板 9.png in Resources */,
				784D27D422D704A7001CDEE1 /* 047画板 22.png in Resources */,
				78C1017722D5FEA10073416E /* 037画板 7.png in Resources */,
				784D27C422D704A7001CDEE1 /* 047画板 11@1.5x.png in Resources */,
				78C1018022D5FEA10073416E /* 037画板 2@0.5x.png in Resources */,
				784D27B422D704A7001CDEE1 /* 047画板 13@0.5x.png in Resources */,
				78C1017622D5FEA10073416E /* 037画板 6.png in Resources */,
				78A6DEA122E2C88700FEAC85 /* CatalogWindowController.xib in Resources */,
				78C1018B22D5FEA10073416E /* 037画板 8@0.5x.png in Resources */,
				784D27D222D704A7001CDEE1 /* 047画板 23@0.5x.png in Resources */,
				784D27BE22D704A7001CDEE1 /* 047画板 18@0.5x.png in Resources */,
				78FB474A22D4365900A9F4AF /* Main.storyboard in Resources */,
				784D278522D70469001CDEE1 /* 046画板 10@0.5x.png in Resources */,
				78C1017822D5FEA10073416E /* 037画板 4@0.5x.png in Resources */,
				78C1018E22D5FEA10073416E /* 037画板 1@32x.png in Resources */,
				784D278622D70469001CDEE1 /* 046画板 10.png in Resources */,
				78C1018522D5FEA10073416E /* 037画板 5.png in Resources */,
				784D27BA22D704A7001CDEE1 /* 047画板 23@1.5x.png in Resources */,
				784D27B222D704A7001CDEE1 /* 047画板 13@1.5x.png in Resources */,
				784D27B022D704A7001CDEE1 /* 047画板 11.png in Resources */,
				784D27C022D704A7001CDEE1 /* 047画板 11@0.5x.png in Resources */,
				784D27AE22D704A7001CDEE1 /* 047画板 12.png in Resources */,
			);
			runOnlyForDeploymentPostprocessing = 0;
		};
		78FB474F22D4365900A9F4AF /* Resources */ = {
			isa = PBXResourcesBuildPhase;
			buildActionMask = 2147483647;
			files = (
			);
			runOnlyForDeploymentPostprocessing = 0;
		};
		78FB475A22D4365900A9F4AF /* Resources */ = {
			isa = PBXResourcesBuildPhase;
			buildActionMask = 2147483647;
			files = (
			);
			runOnlyForDeploymentPostprocessing = 0;
		};
/* End PBXResourcesBuildPhase section */

/* Begin PBXSourcesBuildPhase section */
		78FB473B22D4365800A9F4AF /* Sources */ = {
			isa = PBXSourcesBuildPhase;
			buildActionMask = 2147483647;
			files = (
				78FB477522D4383900A9F4AF /* Info.swift in Sources */,
				782CCE3722E33A9C00346D24 /* TitleTabView.swift in Sources */,
				78FB474522D4365800A9F4AF /* ViewController.swift in Sources */,
				78FB478122D442B200A9F4AF /* Works.swift in Sources */,
				78FB477D22D4387600A9F4AF /* Status.swift in Sources */,
				78FB474322D4365800A9F4AF /* AppDelegate.swift in Sources */,
				7812000522E4544C00C32B9E /* Extension.swift in Sources */,
				78FB477722D4384800A9F4AF /* Catalog.swift in Sources */,
				78A96C7422E459A400280327 /* Recent.swift in Sources */,
				78A96C7C22E4D43A00280327 /* JYHView.swift in Sources */,
				78FB477922D4385700A9F4AF /* Role.swift in Sources */,
				78FEDAC922DC9926001AFCB2 /* Search.swift in Sources */,
				782CCE3B22E36FE300346D24 /* TabsBarView.swift in Sources */,
				78FB477B22D4386200A9F4AF /* Symbol.swift in Sources */,
				78FB477F22D4389B00A9F4AF /* DataDelegate.swift in Sources */,
				78A6DEA022E2C88700FEAC85 /* CatalogWindowController.swift in Sources */,
				782CCE3F22E40D9000346D24 /* MainWindowController.swift in Sources */,
				78231B4A230CFD220046E5FC /* StandInTabView.swift in Sources */,
				780508D322E5C33300A36E18 /* JYHTextField.swift in Sources */,
			);
			runOnlyForDeploymentPostprocessing = 0;
		};
		78FB474D22D4365900A9F4AF /* Sources */ = {
			isa = PBXSourcesBuildPhase;
			buildActionMask = 2147483647;
			files = (
				78FB475622D4365900A9F4AF /* iWriterTests.swift in Sources */,
			);
			runOnlyForDeploymentPostprocessing = 0;
		};
		78FB475822D4365900A9F4AF /* Sources */ = {
			isa = PBXSourcesBuildPhase;
			buildActionMask = 2147483647;
			files = (
				78FB476122D4365900A9F4AF /* iWriterUITests.swift in Sources */,
			);
			runOnlyForDeploymentPostprocessing = 0;
		};
/* End PBXSourcesBuildPhase section */

/* Begin PBXTargetDependency section */
		78FB475322D4365900A9F4AF /* PBXTargetDependency */ = {
			isa = PBXTargetDependency;
			target = 78FB473E22D4365800A9F4AF /* iWriter */;
			targetProxy = 78FB475222D4365900A9F4AF /* PBXContainerItemProxy */;
		};
		78FB475E22D4365900A9F4AF /* PBXTargetDependency */ = {
			isa = PBXTargetDependency;
			target = 78FB473E22D4365800A9F4AF /* iWriter */;
			targetProxy = 78FB475D22D4365900A9F4AF /* PBXContainerItemProxy */;
		};
/* End PBXTargetDependency section */

/* Begin PBXVariantGroup section */
		78FB474822D4365900A9F4AF /* Main.storyboard */ = {
			isa = PBXVariantGroup;
			children = (
				78FB474922D4365900A9F4AF /* Base */,
			);
			name = Main.storyboard;
			sourceTree = "<group>";
		};
/* End PBXVariantGroup section */

/* Begin XCBuildConfiguration section */
		78FB476322D4365900A9F4AF /* Debug */ = {
			isa = XCBuildConfiguration;
			buildSettings = {
				ALWAYS_SEARCH_USER_PATHS = NO;
				CLANG_ANALYZER_NONNULL = YES;
				CLANG_ANALYZER_NUMBER_OBJECT_CONVERSION = YES_AGGRESSIVE;
				CLANG_CXX_LANGUAGE_STANDARD = "gnu++14";
				CLANG_CXX_LIBRARY = "libc++";
				CLANG_ENABLE_MODULES = YES;
				CLANG_ENABLE_OBJC_ARC = YES;
				CLANG_ENABLE_OBJC_WEAK = YES;
				CLANG_WARN_BLOCK_CAPTURE_AUTORELEASING = YES;
				CLANG_WARN_BOOL_CONVERSION = YES;
				CLANG_WARN_COMMA = YES;
				CLANG_WARN_CONSTANT_CONVERSION = YES;
				CLANG_WARN_DEPRECATED_OBJC_IMPLEMENTATIONS = YES;
				CLANG_WARN_DIRECT_OBJC_ISA_USAGE = YES_ERROR;
				CLANG_WARN_DOCUMENTATION_COMMENTS = YES;
				CLANG_WARN_EMPTY_BODY = YES;
				CLANG_WARN_ENUM_CONVERSION = YES;
				CLANG_WARN_INFINITE_RECURSION = YES;
				CLANG_WARN_INT_CONVERSION = YES;
				CLANG_WARN_NON_LITERAL_NULL_CONVERSION = YES;
				CLANG_WARN_OBJC_IMPLICIT_RETAIN_SELF = YES;
				CLANG_WARN_OBJC_LITERAL_CONVERSION = YES;
				CLANG_WARN_OBJC_ROOT_CLASS = YES_ERROR;
				CLANG_WARN_RANGE_LOOP_ANALYSIS = YES;
				CLANG_WARN_STRICT_PROTOTYPES = YES;
				CLANG_WARN_SUSPICIOUS_MOVE = YES;
				CLANG_WARN_UNGUARDED_AVAILABILITY = YES_AGGRESSIVE;
				CLANG_WARN_UNREACHABLE_CODE = YES;
				CLANG_WARN__DUPLICATE_METHOD_MATCH = YES;
				CODE_SIGN_IDENTITY = "Mac Developer";
				COPY_PHASE_STRIP = NO;
				DEBUG_INFORMATION_FORMAT = dwarf;
				ENABLE_STRICT_OBJC_MSGSEND = YES;
				ENABLE_TESTABILITY = YES;
				GCC_C_LANGUAGE_STANDARD = gnu11;
				GCC_DYNAMIC_NO_PIC = NO;
				GCC_NO_COMMON_BLOCKS = YES;
				GCC_OPTIMIZATION_LEVEL = 0;
				GCC_PREPROCESSOR_DEFINITIONS = (
					"DEBUG=1",
					"$(inherited)",
				);
				GCC_WARN_64_TO_32_BIT_CONVERSION = YES;
				GCC_WARN_ABOUT_RETURN_TYPE = YES_ERROR;
				GCC_WARN_UNDECLARED_SELECTOR = YES;
				GCC_WARN_UNINITIALIZED_AUTOS = YES_AGGRESSIVE;
				GCC_WARN_UNUSED_FUNCTION = YES;
				GCC_WARN_UNUSED_VARIABLE = YES;
				MACOSX_DEPLOYMENT_TARGET = 10.14;
				MTL_ENABLE_DEBUG_INFO = INCLUDE_SOURCE;
				MTL_FAST_MATH = YES;
				ONLY_ACTIVE_ARCH = YES;
				SDKROOT = macosx;
				SWIFT_ACTIVE_COMPILATION_CONDITIONS = DEBUG;
				SWIFT_OPTIMIZATION_LEVEL = "-Onone";
			};
			name = Debug;
		};
		78FB476422D4365900A9F4AF /* Release */ = {
			isa = XCBuildConfiguration;
			buildSettings = {
				ALWAYS_SEARCH_USER_PATHS = NO;
				CLANG_ANALYZER_NONNULL = YES;
				CLANG_ANALYZER_NUMBER_OBJECT_CONVERSION = YES_AGGRESSIVE;
				CLANG_CXX_LANGUAGE_STANDARD = "gnu++14";
				CLANG_CXX_LIBRARY = "libc++";
				CLANG_ENABLE_MODULES = YES;
				CLANG_ENABLE_OBJC_ARC = YES;
				CLANG_ENABLE_OBJC_WEAK = YES;
				CLANG_WARN_BLOCK_CAPTURE_AUTORELEASING = YES;
				CLANG_WARN_BOOL_CONVERSION = YES;
				CLANG_WARN_COMMA = YES;
				CLANG_WARN_CONSTANT_CONVERSION = YES;
				CLANG_WARN_DEPRECATED_OBJC_IMPLEMENTATIONS = YES;
				CLANG_WARN_DIRECT_OBJC_ISA_USAGE = YES_ERROR;
				CLANG_WARN_DOCUMENTATION_COMMENTS = YES;
				CLANG_WARN_EMPTY_BODY = YES;
				CLANG_WARN_ENUM_CONVERSION = YES;
				CLANG_WARN_INFINITE_RECURSION = YES;
				CLANG_WARN_INT_CONVERSION = YES;
				CLANG_WARN_NON_LITERAL_NULL_CONVERSION = YES;
				CLANG_WARN_OBJC_IMPLICIT_RETAIN_SELF = YES;
				CLANG_WARN_OBJC_LITERAL_CONVERSION = YES;
				CLANG_WARN_OBJC_ROOT_CLASS = YES_ERROR;
				CLANG_WARN_RANGE_LOOP_ANALYSIS = YES;
				CLANG_WARN_STRICT_PROTOTYPES = YES;
				CLANG_WARN_SUSPICIOUS_MOVE = YES;
				CLANG_WARN_UNGUARDED_AVAILABILITY = YES_AGGRESSIVE;
				CLANG_WARN_UNREACHABLE_CODE = YES;
				CLANG_WARN__DUPLICATE_METHOD_MATCH = YES;
				CODE_SIGN_IDENTITY = "Mac Developer";
				COPY_PHASE_STRIP = NO;
				DEBUG_INFORMATION_FORMAT = "dwarf-with-dsym";
				ENABLE_NS_ASSERTIONS = NO;
				ENABLE_STRICT_OBJC_MSGSEND = YES;
				GCC_C_LANGUAGE_STANDARD = gnu11;
				GCC_NO_COMMON_BLOCKS = YES;
				GCC_WARN_64_TO_32_BIT_CONVERSION = YES;
				GCC_WARN_ABOUT_RETURN_TYPE = YES_ERROR;
				GCC_WARN_UNDECLARED_SELECTOR = YES;
				GCC_WARN_UNINITIALIZED_AUTOS = YES_AGGRESSIVE;
				GCC_WARN_UNUSED_FUNCTION = YES;
				GCC_WARN_UNUSED_VARIABLE = YES;
				MACOSX_DEPLOYMENT_TARGET = 10.14;
				MTL_ENABLE_DEBUG_INFO = NO;
				MTL_FAST_MATH = YES;
				SDKROOT = macosx;
				SWIFT_COMPILATION_MODE = wholemodule;
				SWIFT_OPTIMIZATION_LEVEL = "-O";
			};
			name = Release;
		};
		78FB476622D4365900A9F4AF /* Debug */ = {
			isa = XCBuildConfiguration;
			buildSettings = {
				ASSETCATALOG_COMPILER_APPICON_NAME = AppIcon;
				CODE_SIGN_ENTITLEMENTS = iWriter/iWriter.entitlements;
				CODE_SIGN_STYLE = Automatic;
				COMBINE_HIDPI_IMAGES = YES;
				DEVELOPMENT_TEAM = 6Q84LRSMLQ;
				INFOPLIST_FILE = iWriter/Info.plist;
				LD_RUNPATH_SEARCH_PATHS = (
					"$(inherited)",
					"@executable_path/../Frameworks",
				);
				PRODUCT_BUNDLE_IDENTIFIER = com.jiangyouhua.iWriter;
				PRODUCT_NAME = "$(TARGET_NAME)";
				SWIFT_VERSION = 5.0;
			};
			name = Debug;
		};
		78FB476722D4365900A9F4AF /* Release */ = {
			isa = XCBuildConfiguration;
			buildSettings = {
				ASSETCATALOG_COMPILER_APPICON_NAME = AppIcon;
				CODE_SIGN_ENTITLEMENTS = iWriter/iWriter.entitlements;
				CODE_SIGN_STYLE = Automatic;
				COMBINE_HIDPI_IMAGES = YES;
				DEVELOPMENT_TEAM = 6Q84LRSMLQ;
				INFOPLIST_FILE = iWriter/Info.plist;
				LD_RUNPATH_SEARCH_PATHS = (
					"$(inherited)",
					"@executable_path/../Frameworks",
				);
				PRODUCT_BUNDLE_IDENTIFIER = com.jiangyouhua.iWriter;
				PRODUCT_NAME = "$(TARGET_NAME)";
				SWIFT_VERSION = 5.0;
			};
			name = Release;
		};
		78FB476922D4365900A9F4AF /* Debug */ = {
			isa = XCBuildConfiguration;
			buildSettings = {
				ALWAYS_EMBED_SWIFT_STANDARD_LIBRARIES = YES;
				BUNDLE_LOADER = "$(TEST_HOST)";
				CODE_SIGN_STYLE = Automatic;
				COMBINE_HIDPI_IMAGES = YES;
				DEVELOPMENT_TEAM = 6Q84LRSMLQ;
				INFOPLIST_FILE = iWriterTests/Info.plist;
				LD_RUNPATH_SEARCH_PATHS = (
					"$(inherited)",
					"@executable_path/../Frameworks",
					"@loader_path/../Frameworks",
				);
				PRODUCT_BUNDLE_IDENTIFIER = com.jiangyouhua.iWriterTests;
				PRODUCT_NAME = "$(TARGET_NAME)";
				SWIFT_VERSION = 5.0;
				TEST_HOST = "$(BUILT_PRODUCTS_DIR)/iWriter.app/Contents/MacOS/iWriter";
			};
			name = Debug;
		};
		78FB476A22D4365900A9F4AF /* Release */ = {
			isa = XCBuildConfiguration;
			buildSettings = {
				ALWAYS_EMBED_SWIFT_STANDARD_LIBRARIES = YES;
				BUNDLE_LOADER = "$(TEST_HOST)";
				CODE_SIGN_STYLE = Automatic;
				COMBINE_HIDPI_IMAGES = YES;
				DEVELOPMENT_TEAM = 6Q84LRSMLQ;
				INFOPLIST_FILE = iWriterTests/Info.plist;
				LD_RUNPATH_SEARCH_PATHS = (
					"$(inherited)",
					"@executable_path/../Frameworks",
					"@loader_path/../Frameworks",
				);
				PRODUCT_BUNDLE_IDENTIFIER = com.jiangyouhua.iWriterTests;
				PRODUCT_NAME = "$(TARGET_NAME)";
				SWIFT_VERSION = 5.0;
				TEST_HOST = "$(BUILT_PRODUCTS_DIR)/iWriter.app/Contents/MacOS/iWriter";
			};
			name = Release;
		};
		78FB476C22D4365900A9F4AF /* Debug */ = {
			isa = XCBuildConfiguration;
			buildSettings = {
				ALWAYS_EMBED_SWIFT_STANDARD_LIBRARIES = YES;
				CODE_SIGN_STYLE = Automatic;
				COMBINE_HIDPI_IMAGES = YES;
				DEVELOPMENT_TEAM = 6Q84LRSMLQ;
				INFOPLIST_FILE = iWriterUITests/Info.plist;
				LD_RUNPATH_SEARCH_PATHS = (
					"$(inherited)",
					"@executable_path/../Frameworks",
					"@loader_path/../Frameworks",
				);
				PRODUCT_BUNDLE_IDENTIFIER = com.jiangyouhua.iWriterUITests;
				PRODUCT_NAME = "$(TARGET_NAME)";
				SWIFT_VERSION = 5.0;
				TEST_TARGET_NAME = iWriter;
			};
			name = Debug;
		};
		78FB476D22D4365900A9F4AF /* Release */ = {
			isa = XCBuildConfiguration;
			buildSettings = {
				ALWAYS_EMBED_SWIFT_STANDARD_LIBRARIES = YES;
				CODE_SIGN_STYLE = Automatic;
				COMBINE_HIDPI_IMAGES = YES;
				DEVELOPMENT_TEAM = 6Q84LRSMLQ;
				INFOPLIST_FILE = iWriterUITests/Info.plist;
				LD_RUNPATH_SEARCH_PATHS = (
					"$(inherited)",
					"@executable_path/../Frameworks",
					"@loader_path/../Frameworks",
				);
				PRODUCT_BUNDLE_IDENTIFIER = com.jiangyouhua.iWriterUITests;
				PRODUCT_NAME = "$(TARGET_NAME)";
				SWIFT_VERSION = 5.0;
				TEST_TARGET_NAME = iWriter;
			};
			name = Release;
		};
/* End XCBuildConfiguration section */

/* Begin XCConfigurationList section */
		78FB473A22D4365800A9F4AF /* Build configuration list for PBXProject "iWriter" */ = {
			isa = XCConfigurationList;
			buildConfigurations = (
				78FB476322D4365900A9F4AF /* Debug */,
				78FB476422D4365900A9F4AF /* Release */,
			);
			defaultConfigurationIsVisible = 0;
			defaultConfigurationName = Release;
		};
		78FB476522D4365900A9F4AF /* Build configuration list for PBXNativeTarget "iWriter" */ = {
			isa = XCConfigurationList;
			buildConfigurations = (
				78FB476622D4365900A9F4AF /* Debug */,
				78FB476722D4365900A9F4AF /* Release */,
			);
			defaultConfigurationIsVisible = 0;
			defaultConfigurationName = Release;
		};
		78FB476822D4365900A9F4AF /* Build configuration list for PBXNativeTarget "iWriterTests" */ = {
			isa = XCConfigurationList;
			buildConfigurations = (
				78FB476922D4365900A9F4AF /* Debug */,
				78FB476A22D4365900A9F4AF /* Release */,
			);
			defaultConfigurationIsVisible = 0;
			defaultConfigurationName = Release;
		};
		78FB476B22D4365900A9F4AF /* Build configuration list for PBXNativeTarget "iWriterUITests" */ = {
			isa = XCConfigurationList;
			buildConfigurations = (
				78FB476C22D4365900A9F4AF /* Debug */,
				78FB476D22D4365900A9F4AF /* Release */,
			);
			defaultConfigurationIsVisible = 0;
			defaultConfigurationName = Release;
		};
/* End XCConfigurationList section */
	};
	rootObject = 78FB473722D4365800A9F4AF /* Project object */;
}
