// !$*UTF8*$!
{
	archiveVersion = 1;
	classes = {
	};
	objectVersion = 50;
	objects = {

/* Begin PBXBuildFile section */
		780508D322E5C33300A36E18 /* JYHTextField.swift in Sources */ = {isa = PBXBuildFile; fileRef = 780508D222E5C33300A36E18 /* JYHTextField.swift */; };
		7808239E2340E78D00E0DA39 /* ZipArchive.framework in Frameworks */ = {isa = PBXBuildFile; fileRef = 780823992340E77400E0DA39 /* ZipArchive.framework */; };
		7808239F2340E79500E0DA39 /* ZipArchive.framework in Frameworks */ = {isa = PBXBuildFile; fileRef = 780823992340E77400E0DA39 /* ZipArchive.framework */; };
		780823A02340E79C00E0DA39 /* ZipArchive.framework in Frameworks */ = {isa = PBXBuildFile; fileRef = 780823992340E77400E0DA39 /* ZipArchive.framework */; };
		7812000522E4544C00C32B9E /* Extension.swift in Sources */ = {isa = PBXBuildFile; fileRef = 7812000422E4544C00C32B9E /* Extension.swift */; };
		781B881C253096D9006AB5DC /* JYHContentView.swift in Sources */ = {isa = PBXBuildFile; fileRef = 781B881B253096D9006AB5DC /* JYHContentView.swift */; };
		781B88212531C695006AB5DC /* JYHInfoView.swift in Sources */ = {isa = PBXBuildFile; fileRef = 781B88202531C695006AB5DC /* JYHInfoView.swift */; };
		781B883D2535F3CA006AB5DC /* JYHTextView.swift in Sources */ = {isa = PBXBuildFile; fileRef = 781B883C2535F3CA006AB5DC /* JYHTextView.swift */; };
		781C728E2358890A00763F04 /* RoleWindowController.swift in Sources */ = {isa = PBXBuildFile; fileRef = 781C728C2358890A00763F04 /* RoleWindowController.swift */; };
		781C728F2358890A00763F04 /* RoleWindowController.xib in Resources */ = {isa = PBXBuildFile; fileRef = 781C728D2358890A00763F04 /* RoleWindowController.xib */; };
		782344FD2449D1DB006DDF85 /* Define.swift in Sources */ = {isa = PBXBuildFile; fileRef = 782344FC2449D1DB006DDF85 /* Define.swift */; };
		7832601C245466F600F13658 /* Note.swift in Sources */ = {isa = PBXBuildFile; fileRef = 7832601B245466F600F13658 /* Note.swift */; };
		7840B81C251CDDFD00D065FC /* MainWindowController.swift in Sources */ = {isa = PBXBuildFile; fileRef = 7840B81B251CDDFD00D065FC /* MainWindowController.swift */; };
		784D27AE22D704A7001CDEE1 /* 047画板 12.png in Resources */ = {isa = PBXBuildFile; fileRef = 784D278722D7049B001CDEE1 /* 047画板 12.png */; };
		784D27AF22D704A7001CDEE1 /* 047画板 21@0.5x.png in Resources */ = {isa = PBXBuildFile; fileRef = 784D278822D7049B001CDEE1 /* 047画板 21@0.5x.png */; };
		784D27B022D704A7001CDEE1 /* 047画板 11.png in Resources */ = {isa = PBXBuildFile; fileRef = 784D278922D7049B001CDEE1 /* 047画板 11.png */; };
		784D27B122D704A7001CDEE1 /* 047画板 17@0.5x.png in Resources */ = {isa = PBXBuildFile; fileRef = 784D278A22D7049B001CDEE1 /* 047画板 17@0.5x.png */; };
		784D27B222D704A7001CDEE1 /* 047画板 13@1.5x.png in Resources */ = {isa = PBXBuildFile; fileRef = 784D278B22D7049C001CDEE1 /* 047画板 13@1.5x.png */; };
		784D27B322D704A7001CDEE1 /* 047画板 14.png in Resources */ = {isa = PBXBuildFile; fileRef = 784D278C22D7049C001CDEE1 /* 047画板 14.png */; };
		784D27B422D704A7001CDEE1 /* 047画板 13@0.5x.png in Resources */ = {isa = PBXBuildFile; fileRef = 784D278D22D7049C001CDEE1 /* 047画板 13@0.5x.png */; };
		784D27B522D704A7001CDEE1 /* 047画板 20@1.5x.png in Resources */ = {isa = PBXBuildFile; fileRef = 784D278E22D7049C001CDEE1 /* 047画板 20@1.5x.png */; };
		784D27B622D704A7001CDEE1 /* 047画板 18.png in Resources */ = {isa = PBXBuildFile; fileRef = 784D278F22D7049C001CDEE1 /* 047画板 18.png */; };
		784D27B722D704A7001CDEE1 /* 047画板 13.png in Resources */ = {isa = PBXBuildFile; fileRef = 784D279022D7049D001CDEE1 /* 047画板 13.png */; };
		784D27B822D704A7001CDEE1 /* 047画板 17@1.5x.png in Resources */ = {isa = PBXBuildFile; fileRef = 784D279122D7049D001CDEE1 /* 047画板 17@1.5x.png */; };
		784D27B922D704A7001CDEE1 /* 047画板 19.png in Resources */ = {isa = PBXBuildFile; fileRef = 784D279222D7049D001CDEE1 /* 047画板 19.png */; };
		784D27BA22D704A7001CDEE1 /* 047画板 23@1.5x.png in Resources */ = {isa = PBXBuildFile; fileRef = 784D279322D7049D001CDEE1 /* 047画板 23@1.5x.png */; };
		784D27BB22D704A7001CDEE1 /* 047画板 15@1.5x.png in Resources */ = {isa = PBXBuildFile; fileRef = 784D279422D7049D001CDEE1 /* 047画板 15@1.5x.png */; };
		784D27BC22D704A7001CDEE1 /* 047画板 20.png in Resources */ = {isa = PBXBuildFile; fileRef = 784D279522D7049E001CDEE1 /* 047画板 20.png */; };
		784D27BD22D704A7001CDEE1 /* 047画板 14@1.5x.png in Resources */ = {isa = PBXBuildFile; fileRef = 784D279622D7049E001CDEE1 /* 047画板 14@1.5x.png */; };
		784D27BE22D704A7001CDEE1 /* 047画板 18@0.5x.png in Resources */ = {isa = PBXBuildFile; fileRef = 784D279722D7049F001CDEE1 /* 047画板 18@0.5x.png */; };
		784D27BF22D704A7001CDEE1 /* 047画板 17.png in Resources */ = {isa = PBXBuildFile; fileRef = 784D279822D7049F001CDEE1 /* 047画板 17.png */; };
		784D27C022D704A7001CDEE1 /* 047画板 11@0.5x.png in Resources */ = {isa = PBXBuildFile; fileRef = 784D279922D7049F001CDEE1 /* 047画板 11@0.5x.png */; };
		784D27C122D704A7001CDEE1 /* 047画板 18@1.5x.png in Resources */ = {isa = PBXBuildFile; fileRef = 784D279A22D704A0001CDEE1 /* 047画板 18@1.5x.png */; };
		784D27C222D704A7001CDEE1 /* 047画板 22@0.5x.png in Resources */ = {isa = PBXBuildFile; fileRef = 784D279B22D704A0001CDEE1 /* 047画板 22@0.5x.png */; };
		784D27C322D704A7001CDEE1 /* 047画板 21@1.5x.png in Resources */ = {isa = PBXBuildFile; fileRef = 784D279C22D704A0001CDEE1 /* 047画板 21@1.5x.png */; };
		784D27C422D704A7001CDEE1 /* 047画板 11@1.5x.png in Resources */ = {isa = PBXBuildFile; fileRef = 784D279D22D704A0001CDEE1 /* 047画板 11@1.5x.png */; };
		784D27C522D704A7001CDEE1 /* 047画板 14@0.5x.png in Resources */ = {isa = PBXBuildFile; fileRef = 784D279E22D704A1001CDEE1 /* 047画板 14@0.5x.png */; };
		784D27C622D704A7001CDEE1 /* 047画板 16@0.5x.png in Resources */ = {isa = PBXBuildFile; fileRef = 784D279F22D704A1001CDEE1 /* 047画板 16@0.5x.png */; };
		784D27C722D704A7001CDEE1 /* 047画板 12@1.5x.png in Resources */ = {isa = PBXBuildFile; fileRef = 784D27A022D704A2001CDEE1 /* 047画板 12@1.5x.png */; };
		784D27C822D704A7001CDEE1 /* 047画板 16@1.5x.png in Resources */ = {isa = PBXBuildFile; fileRef = 784D27A122D704A3001CDEE1 /* 047画板 16@1.5x.png */; };
		784D27C922D704A7001CDEE1 /* 047画板 12@0.5x.png in Resources */ = {isa = PBXBuildFile; fileRef = 784D27A222D704A3001CDEE1 /* 047画板 12@0.5x.png */; };
		784D27CA22D704A7001CDEE1 /* 047画板 19@1.5x.png in Resources */ = {isa = PBXBuildFile; fileRef = 784D27A322D704A3001CDEE1 /* 047画板 19@1.5x.png */; };
		784D27CB22D704A7001CDEE1 /* 047画板 21.png in Resources */ = {isa = PBXBuildFile; fileRef = 784D27A422D704A4001CDEE1 /* 047画板 21.png */; };
		784D27CC22D704A7001CDEE1 /* 047画板 16.png in Resources */ = {isa = PBXBuildFile; fileRef = 784D27A522D704A4001CDEE1 /* 047画板 16.png */; };
		784D27CD22D704A7001CDEE1 /* 047画板 20@0.5x.png in Resources */ = {isa = PBXBuildFile; fileRef = 784D27A622D704A5001CDEE1 /* 047画板 20@0.5x.png */; };
		784D27CE22D704A7001CDEE1 /* 047画板 22@1.5x.png in Resources */ = {isa = PBXBuildFile; fileRef = 784D27A722D704A5001CDEE1 /* 047画板 22@1.5x.png */; };
		784D27CF22D704A7001CDEE1 /* 047画板 23.png in Resources */ = {isa = PBXBuildFile; fileRef = 784D27A822D704A5001CDEE1 /* 047画板 23.png */; };
		784D27D022D704A7001CDEE1 /* 047画板 15.png in Resources */ = {isa = PBXBuildFile; fileRef = 784D27A922D704A5001CDEE1 /* 047画板 15.png */; };
		784D27D122D704A7001CDEE1 /* 047画板 19@0.5x.png in Resources */ = {isa = PBXBuildFile; fileRef = 784D27AA22D704A6001CDEE1 /* 047画板 19@0.5x.png */; };
		784D27D222D704A7001CDEE1 /* 047画板 23@0.5x.png in Resources */ = {isa = PBXBuildFile; fileRef = 784D27AB22D704A6001CDEE1 /* 047画板 23@0.5x.png */; };
		784D27D322D704A7001CDEE1 /* 047画板 15@0.5x.png in Resources */ = {isa = PBXBuildFile; fileRef = 784D27AC22D704A6001CDEE1 /* 047画板 15@0.5x.png */; };
		784D27D422D704A7001CDEE1 /* 047画板 22.png in Resources */ = {isa = PBXBuildFile; fileRef = 784D27AD22D704A6001CDEE1 /* 047画板 22.png */; };
		7873E4B0244F0D7900FC186B /* Cache.swift in Sources */ = {isa = PBXBuildFile; fileRef = 7873E4AF244F0D7900FC186B /* Cache.swift */; };
		7880F26B25554D8C00E62425 /* Model.swift in Sources */ = {isa = PBXBuildFile; fileRef = 7880F26A25554D8C00E62425 /* Model.swift */; };
		788319172340E05F006FFD61 /* 037画板 1.png in Resources */ = {isa = PBXBuildFile; fileRef = 788319162340E05F006FFD61 /* 037画板 1.png */; };
		78845520241C787700F2C971 /* DragItem.swift in Sources */ = {isa = PBXBuildFile; fileRef = 7884551F241C787700F2C971 /* DragItem.swift */; };
		7884F6DC247158BD005FC6BF /* JYHIdeaView.swift in Sources */ = {isa = PBXBuildFile; fileRef = 7884F6DB247158BD005FC6BF /* JYHIdeaView.swift */; };
		7884F6E524740031005FC6BF /* index.html in Resources */ = {isa = PBXBuildFile; fileRef = 7884F6E424740031005FC6BF /* index.html */; };
		78A96C7C22E4D43A00280327 /* JYHView.swift in Sources */ = {isa = PBXBuildFile; fileRef = 78A96C7B22E4D43A00280327 /* JYHView.swift */; };
		78B71ECF2459BDCA00EDACF4 /* JYHBlockView.xib in Resources */ = {isa = PBXBuildFile; fileRef = 78B71ECE2459BDCA00EDACF4 /* JYHBlockView.xib */; };
		78B71ED12459C1A500EDACF4 /* JYHBlockView.swift in Sources */ = {isa = PBXBuildFile; fileRef = 78B71ED02459C1A500EDACF4 /* JYHBlockView.swift */; };
		78B71ED32459CA2B00EDACF4 /* JYHOutlineView.xib in Resources */ = {isa = PBXBuildFile; fileRef = 78B71ED22459CA2B00EDACF4 /* JYHOutlineView.xib */; };
		78B71ED52459CB4200EDACF4 /* JYHOutlineView.swift in Sources */ = {isa = PBXBuildFile; fileRef = 78B71ED42459CB4200EDACF4 /* JYHOutlineView.swift */; };
		78B71ED72462D9E200EDACF4 /* JYHCatalogView.swift in Sources */ = {isa = PBXBuildFile; fileRef = 78B71ED62462D9E200EDACF4 /* JYHCatalogView.swift */; };
		78B71ED92462D9F900EDACF4 /* JYHNoteView.swift in Sources */ = {isa = PBXBuildFile; fileRef = 78B71ED82462D9F900EDACF4 /* JYHNoteView.swift */; };
		78B71EDB2462DA0C00EDACF4 /* JYHRoleView.swift in Sources */ = {isa = PBXBuildFile; fileRef = 78B71EDA2462DA0C00EDACF4 /* JYHRoleView.swift */; };
		78B71EDD2462DA1D00EDACF4 /* JYHSymbolView.swift in Sources */ = {isa = PBXBuildFile; fileRef = 78B71EDC2462DA1D00EDACF4 /* JYHSymbolView.swift */; };
		78B71EDF2462DA3400EDACF4 /* JYHSearchView.swift in Sources */ = {isa = PBXBuildFile; fileRef = 78B71EDE2462DA3400EDACF4 /* JYHSearchView.swift */; };
		78C1017522D5FEA10073416E /* 037画板 1@16x.png in Resources */ = {isa = PBXBuildFile; fileRef = 78C1015722D5FE9C0073416E /* 037画板 1@16x.png */; };
		78C1018122D5FEA10073416E /* 037画板 1@4x.png in Resources */ = {isa = PBXBuildFile; fileRef = 78C1016322D5FE9E0073416E /* 037画板 1@4x.png */; };
		78C1018A22D5FEA10073416E /* 037画板 1@2x.png in Resources */ = {isa = PBXBuildFile; fileRef = 78C1016C22D5FE9F0073416E /* 037画板 1@2x.png */; };
		78C1018D22D5FEA10073416E /* 037画板 1@0.5x.png in Resources */ = {isa = PBXBuildFile; fileRef = 78C1016F22D5FE9F0073416E /* 037画板 1@0.5x.png */; };
		78C1018E22D5FEA10073416E /* 037画板 1@32x.png in Resources */ = {isa = PBXBuildFile; fileRef = 78C1017022D5FE9F0073416E /* 037画板 1@32x.png */; };
		78C1018F22D5FEA10073416E /* 037画板 1@8x.png in Resources */ = {isa = PBXBuildFile; fileRef = 78C1017122D5FEA00073416E /* 037画板 1@8x.png */; };
		78D386CE2522261900496EA9 /* JYHTitleTabView.xib in Resources */ = {isa = PBXBuildFile; fileRef = 78D386CC2522261900496EA9 /* JYHTitleTabView.xib */; };
		78D386CF2522261900496EA9 /* JYHTitleTabView.swift in Sources */ = {isa = PBXBuildFile; fileRef = 78D386CD2522261900496EA9 /* JYHTitleTabView.swift */; };
		78D386D92522265200496EA9 /* JYHTitlesBarView.swift in Sources */ = {isa = PBXBuildFile; fileRef = 78D386D82522265200496EA9 /* JYHTitlesBarView.swift */; };
		78D386E12522269700496EA9 /* JYHDictionaryView.swift in Sources */ = {isa = PBXBuildFile; fileRef = 78D386E02522269700496EA9 /* JYHDictionaryView.swift */; };
		78FB474322D4365800A9F4AF /* AppDelegate.swift in Sources */ = {isa = PBXBuildFile; fileRef = 78FB474222D4365800A9F4AF /* AppDelegate.swift */; };
		78FB474522D4365800A9F4AF /* ViewController.swift in Sources */ = {isa = PBXBuildFile; fileRef = 78FB474422D4365800A9F4AF /* ViewController.swift */; };
		78FB474722D4365900A9F4AF /* Assets.xcassets in Resources */ = {isa = PBXBuildFile; fileRef = 78FB474622D4365900A9F4AF /* Assets.xcassets */; };
		78FB474A22D4365900A9F4AF /* Main.storyboard in Resources */ = {isa = PBXBuildFile; fileRef = 78FB474822D4365900A9F4AF /* Main.storyboard */; };
		78FB475622D4365900A9F4AF /* iWriterTests.swift in Sources */ = {isa = PBXBuildFile; fileRef = 78FB475522D4365900A9F4AF /* iWriterTests.swift */; };
		78FB476122D4365900A9F4AF /* iWriterUITests.swift in Sources */ = {isa = PBXBuildFile; fileRef = 78FB476022D4365900A9F4AF /* iWriterUITests.swift */; };
		78FB477522D4383900A9F4AF /* Info.swift in Sources */ = {isa = PBXBuildFile; fileRef = 78FB477422D4383900A9F4AF /* Info.swift */; };
		78FB477722D4384800A9F4AF /* Chapter.swift in Sources */ = {isa = PBXBuildFile; fileRef = 78FB477622D4384800A9F4AF /* Chapter.swift */; };
		78FB477922D4385700A9F4AF /* Role.swift in Sources */ = {isa = PBXBuildFile; fileRef = 78FB477822D4385700A9F4AF /* Role.swift */; };
		78FB477B22D4386200A9F4AF /* Symbol.swift in Sources */ = {isa = PBXBuildFile; fileRef = 78FB477A22D4386200A9F4AF /* Symbol.swift */; };
		78FB477F22D4389B00A9F4AF /* ModelDelegate.swift in Sources */ = {isa = PBXBuildFile; fileRef = 78FB477E22D4389B00A9F4AF /* ModelDelegate.swift */; };
		78FB478122D442B200A9F4AF /* Works.swift in Sources */ = {isa = PBXBuildFile; fileRef = 78FB478022D442B200A9F4AF /* Works.swift */; };
/* End PBXBuildFile section */

/* Begin PBXContainerItemProxy section */
		780823962340E77400E0DA39 /* PBXContainerItemProxy */ = {
			isa = PBXContainerItemProxy;
			containerPortal = 7808238F2340E77400E0DA39 /* ZipArchive.xcodeproj */;
			proxyType = 2;
			remoteGlobalIDString = B423AE1A1C0DF76A0004A2F1;
			remoteInfo = "ZipArchive-iOS";
		};
		780823982340E77400E0DA39 /* PBXContainerItemProxy */ = {
			isa = PBXContainerItemProxy;
			containerPortal = 7808238F2340E77400E0DA39 /* ZipArchive.xcodeproj */;
			proxyType = 2;
			remoteGlobalIDString = AFF75A241C37279600F450AC;
			remoteInfo = "ZipArchive-Mac";
		};
		7808239A2340E77400E0DA39 /* PBXContainerItemProxy */ = {
			isa = PBXContainerItemProxy;
			containerPortal = 7808238F2340E77400E0DA39 /* ZipArchive.xcodeproj */;
			proxyType = 2;
			remoteGlobalIDString = 37952C261F63B50D00DD6677;
			remoteInfo = "ZipArchive-tvos";
		};
		7808239C2340E77400E0DA39 /* PBXContainerItemProxy */ = {
			isa = PBXContainerItemProxy;
			containerPortal = 7808238F2340E77400E0DA39 /* ZipArchive.xcodeproj */;
			proxyType = 2;
			remoteGlobalIDString = 37952C5E1F63BB7100DD6677;
			remoteInfo = "ZipArchive-watchos";
		};
		78FB475222D4365900A9F4AF /* PBXContainerItemProxy */ = {
			isa = PBXContainerItemProxy;
			containerPortal = 78FB473722D4365800A9F4AF /* Project object */;
			proxyType = 1;
			remoteGlobalIDString = 78FB473E22D4365800A9F4AF;
			remoteInfo = iWriter;
		};
		78FB475D22D4365900A9F4AF /* PBXContainerItemProxy */ = {
			isa = PBXContainerItemProxy;
			containerPortal = 78FB473722D4365800A9F4AF /* Project object */;
			proxyType = 1;
			remoteGlobalIDString = 78FB473E22D4365800A9F4AF;
			remoteInfo = iWriter;
		};
/* End PBXContainerItemProxy section */

/* Begin PBXFileReference section */
		780508D222E5C33300A36E18 /* JYHTextField.swift */ = {isa = PBXFileReference; lastKnownFileType = sourcecode.swift; path = JYHTextField.swift; sourceTree = "<group>"; };
		7808238F2340E77400E0DA39 /* ZipArchive.xcodeproj */ = {isa = PBXFileReference; lastKnownFileType = "wrapper.pb-project"; name = ZipArchive.xcodeproj; path = "ZipArchive-master/ZipArchive.xcodeproj"; sourceTree = "<group>"; };
		7812000422E4544C00C32B9E /* Extension.swift */ = {isa = PBXFileReference; lastKnownFileType = sourcecode.swift; path = Extension.swift; sourceTree = "<group>"; };
		781B881B253096D9006AB5DC /* JYHContentView.swift */ = {isa = PBXFileReference; lastKnownFileType = sourcecode.swift; path = JYHContentView.swift; sourceTree = "<group>"; };
		781B88202531C695006AB5DC /* JYHInfoView.swift */ = {isa = PBXFileReference; fileEncoding = 4; lastKnownFileType = sourcecode.swift; path = JYHInfoView.swift; sourceTree = "<group>"; };
		781B883C2535F3CA006AB5DC /* JYHTextView.swift */ = {isa = PBXFileReference; lastKnownFileType = sourcecode.swift; path = JYHTextView.swift; sourceTree = "<group>"; };
		781C728C2358890A00763F04 /* RoleWindowController.swift */ = {isa = PBXFileReference; lastKnownFileType = sourcecode.swift; path = RoleWindowController.swift; sourceTree = "<group>"; };
		781C728D2358890A00763F04 /* RoleWindowController.xib */ = {isa = PBXFileReference; lastKnownFileType = file.xib; path = RoleWindowController.xib; sourceTree = "<group>"; };
		782344FC2449D1DB006DDF85 /* Define.swift */ = {isa = PBXFileReference; lastKnownFileType = sourcecode.swift; path = Define.swift; sourceTree = "<group>"; };
		7832601B245466F600F13658 /* Note.swift */ = {isa = PBXFileReference; lastKnownFileType = sourcecode.swift; path = Note.swift; sourceTree = "<group>"; };
		7840B81B251CDDFD00D065FC /* MainWindowController.swift */ = {isa = PBXFileReference; fileEncoding = 4; lastKnownFileType = sourcecode.swift; path = MainWindowController.swift; sourceTree = "<group>"; };
		784D278722D7049B001CDEE1 /* 047画板 12.png */ = {isa = PBXFileReference; lastKnownFileType = image.png; path = "047画板 12.png"; sourceTree = "<group>"; };
		784D278822D7049B001CDEE1 /* 047画板 21@0.5x.png */ = {isa = PBXFileReference; lastKnownFileType = image.png; path = "047画板 21@0.5x.png"; sourceTree = "<group>"; };
		784D278922D7049B001CDEE1 /* 047画板 11.png */ = {isa = PBXFileReference; lastKnownFileType = image.png; path = "047画板 11.png"; sourceTree = "<group>"; };
		784D278A22D7049B001CDEE1 /* 047画板 17@0.5x.png */ = {isa = PBXFileReference; lastKnownFileType = image.png; path = "047画板 17@0.5x.png"; sourceTree = "<group>"; };
		784D278B22D7049C001CDEE1 /* 047画板 13@1.5x.png */ = {isa = PBXFileReference; lastKnownFileType = image.png; path = "047画板 13@1.5x.png"; sourceTree = "<group>"; };
		784D278C22D7049C001CDEE1 /* 047画板 14.png */ = {isa = PBXFileReference; lastKnownFileType = image.png; path = "047画板 14.png"; sourceTree = "<group>"; };
		784D278D22D7049C001CDEE1 /* 047画板 13@0.5x.png */ = {isa = PBXFileReference; lastKnownFileType = image.png; path = "047画板 13@0.5x.png"; sourceTree = "<group>"; };
		784D278E22D7049C001CDEE1 /* 047画板 20@1.5x.png */ = {isa = PBXFileReference; lastKnownFileType = image.png; path = "047画板 20@1.5x.png"; sourceTree = "<group>"; };
		784D278F22D7049C001CDEE1 /* 047画板 18.png */ = {isa = PBXFileReference; lastKnownFileType = image.png; path = "047画板 18.png"; sourceTree = "<group>"; };
		784D279022D7049D001CDEE1 /* 047画板 13.png */ = {isa = PBXFileReference; lastKnownFileType = image.png; path = "047画板 13.png"; sourceTree = "<group>"; };
		784D279122D7049D001CDEE1 /* 047画板 17@1.5x.png */ = {isa = PBXFileReference; lastKnownFileType = image.png; path = "047画板 17@1.5x.png"; sourceTree = "<group>"; };
		784D279222D7049D001CDEE1 /* 047画板 19.png */ = {isa = PBXFileReference; lastKnownFileType = image.png; path = "047画板 19.png"; sourceTree = "<group>"; };
		784D279322D7049D001CDEE1 /* 047画板 23@1.5x.png */ = {isa = PBXFileReference; lastKnownFileType = image.png; path = "047画板 23@1.5x.png"; sourceTree = "<group>"; };
		784D279422D7049D001CDEE1 /* 047画板 15@1.5x.png */ = {isa = PBXFileReference; lastKnownFileType = image.png; path = "047画板 15@1.5x.png"; sourceTree = "<group>"; };
		784D279522D7049E001CDEE1 /* 047画板 20.png */ = {isa = PBXFileReference; lastKnownFileType = image.png; path = "047画板 20.png"; sourceTree = "<group>"; };
		784D279622D7049E001CDEE1 /* 047画板 14@1.5x.png */ = {isa = PBXFileReference; lastKnownFileType = image.png; path = "047画板 14@1.5x.png"; sourceTree = "<group>"; };
		784D279722D7049F001CDEE1 /* 047画板 18@0.5x.png */ = {isa = PBXFileReference; lastKnownFileType = image.png; path = "047画板 18@0.5x.png"; sourceTree = "<group>"; };
		784D279822D7049F001CDEE1 /* 047画板 17.png */ = {isa = PBXFileReference; lastKnownFileType = image.png; path = "047画板 17.png"; sourceTree = "<group>"; };
		784D279922D7049F001CDEE1 /* 047画板 11@0.5x.png */ = {isa = PBXFileReference; lastKnownFileType = image.png; path = "047画板 11@0.5x.png"; sourceTree = "<group>"; };
		784D279A22D704A0001CDEE1 /* 047画板 18@1.5x.png */ = {isa = PBXFileReference; lastKnownFileType = image.png; path = "047画板 18@1.5x.png"; sourceTree = "<group>"; };
		784D279B22D704A0001CDEE1 /* 047画板 22@0.5x.png */ = {isa = PBXFileReference; lastKnownFileType = image.png; path = "047画板 22@0.5x.png"; sourceTree = "<group>"; };
		784D279C22D704A0001CDEE1 /* 047画板 21@1.5x.png */ = {isa = PBXFileReference; lastKnownFileType = image.png; path = "047画板 21@1.5x.png"; sourceTree = "<group>"; };
		784D279D22D704A0001CDEE1 /* 047画板 11@1.5x.png */ = {isa = PBXFileReference; lastKnownFileType = image.png; path = "047画板 11@1.5x.png"; sourceTree = "<group>"; };
		784D279E22D704A1001CDEE1 /* 047画板 14@0.5x.png */ = {isa = PBXFileReference; lastKnownFileType = image.png; path = "047画板 14@0.5x.png"; sourceTree = "<group>"; };
		784D279F22D704A1001CDEE1 /* 047画板 16@0.5x.png */ = {isa = PBXFileReference; lastKnownFileType = image.png; path = "047画板 16@0.5x.png"; sourceTree = "<group>"; };
		784D27A022D704A2001CDEE1 /* 047画板 12@1.5x.png */ = {isa = PBXFileReference; lastKnownFileType = image.png; path = "047画板 12@1.5x.png"; sourceTree = "<group>"; };
		784D27A122D704A3001CDEE1 /* 047画板 16@1.5x.png */ = {isa = PBXFileReference; lastKnownFileType = image.png; path = "047画板 16@1.5x.png"; sourceTree = "<group>"; };
		784D27A222D704A3001CDEE1 /* 047画板 12@0.5x.png */ = {isa = PBXFileReference; lastKnownFileType = image.png; path = "047画板 12@0.5x.png"; sourceTree = "<group>"; };
		784D27A322D704A3001CDEE1 /* 047画板 19@1.5x.png */ = {isa = PBXFileReference; lastKnownFileType = image.png; path = "047画板 19@1.5x.png"; sourceTree = "<group>"; };
		784D27A422D704A4001CDEE1 /* 047画板 21.png */ = {isa = PBXFileReference; lastKnownFileType = image.png; path = "047画板 21.png"; sourceTree = "<group>"; };
		784D27A522D704A4001CDEE1 /* 047画板 16.png */ = {isa = PBXFileReference; lastKnownFileType = image.png; path = "047画板 16.png"; sourceTree = "<group>"; };
		784D27A622D704A5001CDEE1 /* 047画板 20@0.5x.png */ = {isa = PBXFileReference; lastKnownFileType = image.png; path = "047画板 20@0.5x.png"; sourceTree = "<group>"; };
		784D27A722D704A5001CDEE1 /* 047画板 22@1.5x.png */ = {isa = PBXFileReference; lastKnownFileType = image.png; path = "047画板 22@1.5x.png"; sourceTree = "<group>"; };
		784D27A822D704A5001CDEE1 /* 047画板 23.png */ = {isa = PBXFileReference; lastKnownFileType = image.png; path = "047画板 23.png"; sourceTree = "<group>"; };
		784D27A922D704A5001CDEE1 /* 047画板 15.png */ = {isa = PBXFileReference; lastKnownFileType = image.png; path = "047画板 15.png"; sourceTree = "<group>"; };
		784D27AA22D704A6001CDEE1 /* 047画板 19@0.5x.png */ = {isa = PBXFileReference; lastKnownFileType = image.png; path = "047画板 19@0.5x.png"; sourceTree = "<group>"; };
		784D27AB22D704A6001CDEE1 /* 047画板 23@0.5x.png */ = {isa = PBXFileReference; lastKnownFileType = image.png; path = "047画板 23@0.5x.png"; sourceTree = "<group>"; };
		784D27AC22D704A6001CDEE1 /* 047画板 15@0.5x.png */ = {isa = PBXFileReference; lastKnownFileType = image.png; path = "047画板 15@0.5x.png"; sourceTree = "<group>"; };
		784D27AD22D704A6001CDEE1 /* 047画板 22.png */ = {isa = PBXFileReference; lastKnownFileType = image.png; path = "047画板 22.png"; sourceTree = "<group>"; };
		7873E4AF244F0D7900FC186B /* Cache.swift */ = {isa = PBXFileReference; lastKnownFileType = sourcecode.swift; path = Cache.swift; sourceTree = "<group>"; };
		7880F26A25554D8C00E62425 /* Model.swift */ = {isa = PBXFileReference; lastKnownFileType = sourcecode.swift; path = Model.swift; sourceTree = "<group>"; };
		788319162340E05F006FFD61 /* 037画板 1.png */ = {isa = PBXFileReference; lastKnownFileType = image.png; path = "037画板 1.png"; sourceTree = "<group>"; };
		7884551F241C787700F2C971 /* DragItem.swift */ = {isa = PBXFileReference; lastKnownFileType = sourcecode.swift; path = DragItem.swift; sourceTree = "<group>"; };
		7884F6DB247158BD005FC6BF /* JYHIdeaView.swift */ = {isa = PBXFileReference; lastKnownFileType = sourcecode.swift; path = JYHIdeaView.swift; sourceTree = "<group>"; };
		7884F6E424740031005FC6BF /* index.html */ = {isa = PBXFileReference; lastKnownFileType = text.html; path = index.html; sourceTree = "<group>"; };
		78A96C7B22E4D43A00280327 /* JYHView.swift */ = {isa = PBXFileReference; lastKnownFileType = sourcecode.swift; path = JYHView.swift; sourceTree = "<group>"; };
		78B71ECE2459BDCA00EDACF4 /* JYHBlockView.xib */ = {isa = PBXFileReference; lastKnownFileType = file.xib; path = JYHBlockView.xib; sourceTree = "<group>"; };
		78B71ED02459C1A500EDACF4 /* JYHBlockView.swift */ = {isa = PBXFileReference; lastKnownFileType = sourcecode.swift; path = JYHBlockView.swift; sourceTree = "<group>"; };
		78B71ED22459CA2B00EDACF4 /* JYHOutlineView.xib */ = {isa = PBXFileReference; lastKnownFileType = file.xib; path = JYHOutlineView.xib; sourceTree = "<group>"; };
		78B71ED42459CB4200EDACF4 /* JYHOutlineView.swift */ = {isa = PBXFileReference; lastKnownFileType = sourcecode.swift; path = JYHOutlineView.swift; sourceTree = "<group>"; };
		78B71ED62462D9E200EDACF4 /* JYHCatalogView.swift */ = {isa = PBXFileReference; lastKnownFileType = sourcecode.swift; path = JYHCatalogView.swift; sourceTree = "<group>"; };
		78B71ED82462D9F900EDACF4 /* JYHNoteView.swift */ = {isa = PBXFileReference; lastKnownFileType = sourcecode.swift; path = JYHNoteView.swift; sourceTree = "<group>"; };
		78B71EDA2462DA0C00EDACF4 /* JYHRoleView.swift */ = {isa = PBXFileReference; lastKnownFileType = sourcecode.swift; path = JYHRoleView.swift; sourceTree = "<group>"; };
		78B71EDC2462DA1D00EDACF4 /* JYHSymbolView.swift */ = {isa = PBXFileReference; lastKnownFileType = sourcecode.swift; path = JYHSymbolView.swift; sourceTree = "<group>"; };
		78B71EDE2462DA3400EDACF4 /* JYHSearchView.swift */ = {isa = PBXFileReference; lastKnownFileType = sourcecode.swift; path = JYHSearchView.swift; sourceTree = "<group>"; };
		78C1015722D5FE9C0073416E /* 037画板 1@16x.png */ = {isa = PBXFileReference; lastKnownFileType = image.png; path = "037画板 1@16x.png"; sourceTree = "<group>"; };
		78C1016322D5FE9E0073416E /* 037画板 1@4x.png */ = {isa = PBXFileReference; lastKnownFileType = image.png; path = "037画板 1@4x.png"; sourceTree = "<group>"; };
		78C1016C22D5FE9F0073416E /* 037画板 1@2x.png */ = {isa = PBXFileReference; lastKnownFileType = image.png; path = "037画板 1@2x.png"; sourceTree = "<group>"; };
		78C1016F22D5FE9F0073416E /* 037画板 1@0.5x.png */ = {isa = PBXFileReference; lastKnownFileType = image.png; path = "037画板 1@0.5x.png"; sourceTree = "<group>"; };
		78C1017022D5FE9F0073416E /* 037画板 1@32x.png */ = {isa = PBXFileReference; lastKnownFileType = image.png; path = "037画板 1@32x.png"; sourceTree = "<group>"; };
		78C1017122D5FEA00073416E /* 037画板 1@8x.png */ = {isa = PBXFileReference; lastKnownFileType = image.png; path = "037画板 1@8x.png"; sourceTree = "<group>"; };
		78D386CC2522261900496EA9 /* JYHTitleTabView.xib */ = {isa = PBXFileReference; fileEncoding = 4; lastKnownFileType = file.xib; path = JYHTitleTabView.xib; sourceTree = "<group>"; };
		78D386CD2522261900496EA9 /* JYHTitleTabView.swift */ = {isa = PBXFileReference; fileEncoding = 4; lastKnownFileType = sourcecode.swift; path = JYHTitleTabView.swift; sourceTree = "<group>"; };
		78D386D82522265200496EA9 /* JYHTitlesBarView.swift */ = {isa = PBXFileReference; fileEncoding = 4; lastKnownFileType = sourcecode.swift; path = JYHTitlesBarView.swift; sourceTree = "<group>"; };
		78D386E02522269700496EA9 /* JYHDictionaryView.swift */ = {isa = PBXFileReference; fileEncoding = 4; lastKnownFileType = sourcecode.swift; path = JYHDictionaryView.swift; sourceTree = "<group>"; };
		78FB473F22D4365800A9F4AF /* iWriter.app */ = {isa = PBXFileReference; explicitFileType = wrapper.application; includeInIndex = 0; path = iWriter.app; sourceTree = BUILT_PRODUCTS_DIR; };
		78FB474222D4365800A9F4AF /* AppDelegate.swift */ = {isa = PBXFileReference; lastKnownFileType = sourcecode.swift; path = AppDelegate.swift; sourceTree = "<group>"; };
		78FB474422D4365800A9F4AF /* ViewController.swift */ = {isa = PBXFileReference; lastKnownFileType = sourcecode.swift; path = ViewController.swift; sourceTree = "<group>"; };
		78FB474622D4365900A9F4AF /* Assets.xcassets */ = {isa = PBXFileReference; lastKnownFileType = folder.assetcatalog; path = Assets.xcassets; sourceTree = "<group>"; };
		78FB474922D4365900A9F4AF /* Base */ = {isa = PBXFileReference; lastKnownFileType = file.storyboard; name = Base; path = Base.lproj/Main.storyboard; sourceTree = "<group>"; };
		78FB474B22D4365900A9F4AF /* Info.plist */ = {isa = PBXFileReference; lastKnownFileType = text.plist.xml; path = Info.plist; sourceTree = "<group>"; };
		78FB474C22D4365900A9F4AF /* iWriter.entitlements */ = {isa = PBXFileReference; lastKnownFileType = text.plist.entitlements; path = iWriter.entitlements; sourceTree = "<group>"; };
		78FB475122D4365900A9F4AF /* iWriterTests.xctest */ = {isa = PBXFileReference; explicitFileType = wrapper.cfbundle; includeInIndex = 0; path = iWriterTests.xctest; sourceTree = BUILT_PRODUCTS_DIR; };
		78FB475522D4365900A9F4AF /* iWriterTests.swift */ = {isa = PBXFileReference; lastKnownFileType = sourcecode.swift; path = iWriterTests.swift; sourceTree = "<group>"; };
		78FB475722D4365900A9F4AF /* Info.plist */ = {isa = PBXFileReference; lastKnownFileType = text.plist.xml; path = Info.plist; sourceTree = "<group>"; };
		78FB475C22D4365900A9F4AF /* iWriterUITests.xctest */ = {isa = PBXFileReference; explicitFileType = wrapper.cfbundle; includeInIndex = 0; path = iWriterUITests.xctest; sourceTree = BUILT_PRODUCTS_DIR; };
		78FB476022D4365900A9F4AF /* iWriterUITests.swift */ = {isa = PBXFileReference; lastKnownFileType = sourcecode.swift; path = iWriterUITests.swift; sourceTree = "<group>"; };
		78FB476222D4365900A9F4AF /* Info.plist */ = {isa = PBXFileReference; lastKnownFileType = text.plist.xml; path = Info.plist; sourceTree = "<group>"; };
		78FB477422D4383900A9F4AF /* Info.swift */ = {isa = PBXFileReference; lastKnownFileType = sourcecode.swift; path = Info.swift; sourceTree = "<group>"; };
		78FB477622D4384800A9F4AF /* Chapter.swift */ = {isa = PBXFileReference; lastKnownFileType = sourcecode.swift; path = Chapter.swift; sourceTree = "<group>"; };
		78FB477822D4385700A9F4AF /* Role.swift */ = {isa = PBXFileReference; lastKnownFileType = sourcecode.swift; path = Role.swift; sourceTree = "<group>"; };
		78FB477A22D4386200A9F4AF /* Symbol.swift */ = {isa = PBXFileReference; lastKnownFileType = sourcecode.swift; path = Symbol.swift; sourceTree = "<group>"; };
		78FB477E22D4389B00A9F4AF /* ModelDelegate.swift */ = {isa = PBXFileReference; lastKnownFileType = sourcecode.swift; path = ModelDelegate.swift; sourceTree = "<group>"; };
		78FB478022D442B200A9F4AF /* Works.swift */ = {isa = PBXFileReference; lastKnownFileType = sourcecode.swift; path = Works.swift; sourceTree = "<group>"; };
/* End PBXFileReference section */

/* Begin PBXFrameworksBuildPhase section */
		78FB473C22D4365800A9F4AF /* Frameworks */ = {
			isa = PBXFrameworksBuildPhase;
			buildActionMask = 2147483647;
			files = (
				7808239E2340E78D00E0DA39 /* ZipArchive.framework in Frameworks */,
			);
			runOnlyForDeploymentPostprocessing = 0;
		};
		78FB474E22D4365900A9F4AF /* Frameworks */ = {
			isa = PBXFrameworksBuildPhase;
			buildActionMask = 2147483647;
			files = (
				7808239F2340E79500E0DA39 /* ZipArchive.framework in Frameworks */,
			);
			runOnlyForDeploymentPostprocessing = 0;
		};
		78FB475922D4365900A9F4AF /* Frameworks */ = {
			isa = PBXFrameworksBuildPhase;
			buildActionMask = 2147483647;
			files = (
				780823A02340E79C00E0DA39 /* ZipArchive.framework in Frameworks */,
			);
			runOnlyForDeploymentPostprocessing = 0;
		};
/* End PBXFrameworksBuildPhase section */

/* Begin PBXGroup section */
		780823902340E77400E0DA39 /* Products */ = {
			isa = PBXGroup;
			children = (
				780823972340E77400E0DA39 /* ZipArchive.framework */,
				780823992340E77400E0DA39 /* ZipArchive.framework */,
				7808239B2340E77400E0DA39 /* ZipArchive.framework */,
				7808239D2340E77400E0DA39 /* ZipArchive.framework */,
			);
			name = Products;
			sourceTree = "<group>";
		};
		7829A30322D48256003CA1C7 /* Frameworks */ = {
			isa = PBXGroup;
			children = (
			);
			name = Frameworks;
			sourceTree = "<group>";
		};
		786726D122E2B3B700C3DB05 /* Views */ = {
			isa = PBXGroup;
			children = (
				78A96C7B22E4D43A00280327 /* JYHView.swift */,
				780508D222E5C33300A36E18 /* JYHTextField.swift */,
				78D386CD2522261900496EA9 /* JYHTitleTabView.swift */,
				78D386CC2522261900496EA9 /* JYHTitleTabView.xib */,
				78D386D82522265200496EA9 /* JYHTitlesBarView.swift */,
				78B71ED02459C1A500EDACF4 /* JYHBlockView.swift */,
				78B71ECE2459BDCA00EDACF4 /* JYHBlockView.xib */,
				78B71ED62462D9E200EDACF4 /* JYHCatalogView.swift */,
				78B71ED82462D9F900EDACF4 /* JYHNoteView.swift */,
				78B71EDA2462DA0C00EDACF4 /* JYHRoleView.swift */,
				78B71EDC2462DA1D00EDACF4 /* JYHSymbolView.swift */,
				78B71EDE2462DA3400EDACF4 /* JYHSearchView.swift */,
				78D386E02522269700496EA9 /* JYHDictionaryView.swift */,
				7884F6DB247158BD005FC6BF /* JYHIdeaView.swift */,
				78B71ED42459CB4200EDACF4 /* JYHOutlineView.swift */,
				78B71ED22459CA2B00EDACF4 /* JYHOutlineView.xib */,
				781B881B253096D9006AB5DC /* JYHContentView.swift */,
				781B88202531C695006AB5DC /* JYHInfoView.swift */,
				781B883C2535F3CA006AB5DC /* JYHTextView.swift */,
			);
			path = Views;
			sourceTree = "<group>";
		};
		7884F6E32473FFDA005FC6BF /* Html */ = {
			isa = PBXGroup;
			children = (
				7884F6E424740031005FC6BF /* index.html */,
			);
			path = Html;
			sourceTree = "<group>";
		};
		78A6DE9922E2C85900FEAC85 /* Windows */ = {
			isa = PBXGroup;
			children = (
				781C728C2358890A00763F04 /* RoleWindowController.swift */,
				781C728D2358890A00763F04 /* RoleWindowController.xib */,
				7840B81B251CDDFD00D065FC /* MainWindowController.swift */,
			);
			path = Windows;
			sourceTree = "<group>";
		};
		78FB473622D4365800A9F4AF = {
			isa = PBXGroup;
			children = (
				78FB474122D4365800A9F4AF /* iWriter */,
				78FB475422D4365900A9F4AF /* iWriterTests */,
				78FB475F22D4365900A9F4AF /* iWriterUITests */,
				78FB474022D4365800A9F4AF /* Products */,
				7829A30322D48256003CA1C7 /* Frameworks */,
			);
			sourceTree = "<group>";
		};
		78FB474022D4365800A9F4AF /* Products */ = {
			isa = PBXGroup;
			children = (
				78FB473F22D4365800A9F4AF /* iWriter.app */,
				78FB475122D4365900A9F4AF /* iWriterTests.xctest */,
				78FB475C22D4365900A9F4AF /* iWriterUITests.xctest */,
			);
			name = Products;
			sourceTree = "<group>";
		};
		78FB474122D4365800A9F4AF /* iWriter */ = {
			isa = PBXGroup;
			children = (
				7884F6E32473FFDA005FC6BF /* Html */,
				78FB476F22D4377300A9F4AF /* Models */,
				786726D122E2B3B700C3DB05 /* Views */,
				78FB477222D4380900A9F4AF /* Business */,
				78A6DE9922E2C85900FEAC85 /* Windows */,
				78FB477022D4378500A9F4AF /* Venders */,
				78FB477322D4381000A9F4AF /* Other */,
				78FB477122D437D700A9F4AF /* Resources */,
				78FB474222D4365800A9F4AF /* AppDelegate.swift */,
				78FB474422D4365800A9F4AF /* ViewController.swift */,
				78FB474622D4365900A9F4AF /* Assets.xcassets */,
				78FB474822D4365900A9F4AF /* Main.storyboard */,
				78FB474B22D4365900A9F4AF /* Info.plist */,
				78FB474C22D4365900A9F4AF /* iWriter.entitlements */,
			);
			path = iWriter;
			sourceTree = "<group>";
		};
		78FB475422D4365900A9F4AF /* iWriterTests */ = {
			isa = PBXGroup;
			children = (
				78FB475522D4365900A9F4AF /* iWriterTests.swift */,
				78FB475722D4365900A9F4AF /* Info.plist */,
			);
			path = iWriterTests;
			sourceTree = "<group>";
		};
		78FB475F22D4365900A9F4AF /* iWriterUITests */ = {
			isa = PBXGroup;
			children = (
				78FB476022D4365900A9F4AF /* iWriterUITests.swift */,
				78FB476222D4365900A9F4AF /* Info.plist */,
			);
			path = iWriterUITests;
			sourceTree = "<group>";
		};
		78FB476F22D4377300A9F4AF /* Models */ = {
			isa = PBXGroup;
			children = (
				78FB477E22D4389B00A9F4AF /* ModelDelegate.swift */,
				78FB477422D4383900A9F4AF /* Info.swift */,
				7880F26A25554D8C00E62425 /* Model.swift */,
				78FB477622D4384800A9F4AF /* Chapter.swift */,
				7832601B245466F600F13658 /* Note.swift */,
				78FB477822D4385700A9F4AF /* Role.swift */,
				78FB477A22D4386200A9F4AF /* Symbol.swift */,
				7884551F241C787700F2C971 /* DragItem.swift */,
				782344FC2449D1DB006DDF85 /* Define.swift */,
				7873E4AF244F0D7900FC186B /* Cache.swift */,
			);
			path = Models;
			sourceTree = "<group>";
		};
		78FB477022D4378500A9F4AF /* Venders */ = {
			isa = PBXGroup;
			children = (
				7808238F2340E77400E0DA39 /* ZipArchive.xcodeproj */,
			);
			path = Venders;
			sourceTree = "<group>";
		};
		78FB477122D437D700A9F4AF /* Resources */ = {
			isa = PBXGroup;
			children = (
				784D278922D7049B001CDEE1 /* 047画板 11.png */,
				784D279922D7049F001CDEE1 /* 047画板 11@0.5x.png */,
				784D279D22D704A0001CDEE1 /* 047画板 11@1.5x.png */,
				784D278722D7049B001CDEE1 /* 047画板 12.png */,
				784D27A222D704A3001CDEE1 /* 047画板 12@0.5x.png */,
				784D27A022D704A2001CDEE1 /* 047画板 12@1.5x.png */,
				784D279022D7049D001CDEE1 /* 047画板 13.png */,
				784D278D22D7049C001CDEE1 /* 047画板 13@0.5x.png */,
				784D278B22D7049C001CDEE1 /* 047画板 13@1.5x.png */,
				784D278C22D7049C001CDEE1 /* 047画板 14.png */,
				784D279E22D704A1001CDEE1 /* 047画板 14@0.5x.png */,
				784D279622D7049E001CDEE1 /* 047画板 14@1.5x.png */,
				784D27A922D704A5001CDEE1 /* 047画板 15.png */,
				784D27AC22D704A6001CDEE1 /* 047画板 15@0.5x.png */,
				784D279422D7049D001CDEE1 /* 047画板 15@1.5x.png */,
				784D27A522D704A4001CDEE1 /* 047画板 16.png */,
				784D279F22D704A1001CDEE1 /* 047画板 16@0.5x.png */,
				784D27A122D704A3001CDEE1 /* 047画板 16@1.5x.png */,
				784D279822D7049F001CDEE1 /* 047画板 17.png */,
				784D278A22D7049B001CDEE1 /* 047画板 17@0.5x.png */,
				784D279122D7049D001CDEE1 /* 047画板 17@1.5x.png */,
				784D278F22D7049C001CDEE1 /* 047画板 18.png */,
				784D279722D7049F001CDEE1 /* 047画板 18@0.5x.png */,
				784D279A22D704A0001CDEE1 /* 047画板 18@1.5x.png */,
				784D279222D7049D001CDEE1 /* 047画板 19.png */,
				784D27AA22D704A6001CDEE1 /* 047画板 19@0.5x.png */,
				784D27A322D704A3001CDEE1 /* 047画板 19@1.5x.png */,
				784D279522D7049E001CDEE1 /* 047画板 20.png */,
				784D27A622D704A5001CDEE1 /* 047画板 20@0.5x.png */,
				784D278E22D7049C001CDEE1 /* 047画板 20@1.5x.png */,
				784D27A422D704A4001CDEE1 /* 047画板 21.png */,
				784D278822D7049B001CDEE1 /* 047画板 21@0.5x.png */,
				784D279C22D704A0001CDEE1 /* 047画板 21@1.5x.png */,
				784D27AD22D704A6001CDEE1 /* 047画板 22.png */,
				784D279B22D704A0001CDEE1 /* 047画板 22@0.5x.png */,
				784D27A722D704A5001CDEE1 /* 047画板 22@1.5x.png */,
				784D27A822D704A5001CDEE1 /* 047画板 23.png */,
				784D27AB22D704A6001CDEE1 /* 047画板 23@0.5x.png */,
				788319162340E05F006FFD61 /* 037画板 1.png */,
				784D279322D7049D001CDEE1 /* 047画板 23@1.5x.png */,
				78C1016F22D5FE9F0073416E /* 037画板 1@0.5x.png */,
				78C1016C22D5FE9F0073416E /* 037画板 1@2x.png */,
				78C1016322D5FE9E0073416E /* 037画板 1@4x.png */,
				78C1017122D5FEA00073416E /* 037画板 1@8x.png */,
				78C1015722D5FE9C0073416E /* 037画板 1@16x.png */,
				78C1017022D5FE9F0073416E /* 037画板 1@32x.png */,
			);
			path = Resources;
			sourceTree = "<group>";
		};
		78FB477222D4380900A9F4AF /* Business */ = {
			isa = PBXGroup;
			children = (
				78FB478022D442B200A9F4AF /* Works.swift */,
			);
			path = Business;
			sourceTree = "<group>";
		};
		78FB477322D4381000A9F4AF /* Other */ = {
			isa = PBXGroup;
			children = (
				7812000422E4544C00C32B9E /* Extension.swift */,
			);
			path = Other;
			sourceTree = "<group>";
		};
/* End PBXGroup section */

/* Begin PBXNativeTarget section */
		78FB473E22D4365800A9F4AF /* iWriter */ = {
			isa = PBXNativeTarget;
			buildConfigurationList = 78FB476522D4365900A9F4AF /* Build configuration list for PBXNativeTarget "iWriter" */;
			buildPhases = (
				78FB473B22D4365800A9F4AF /* Sources */,
				78FB473C22D4365800A9F4AF /* Frameworks */,
				78FB473D22D4365800A9F4AF /* Resources */,
			);
			buildRules = (
			);
			dependencies = (
			);
			name = iWriter;
			productName = iWriter;
			productReference = 78FB473F22D4365800A9F4AF /* iWriter.app */;
			productType = "com.apple.product-type.application";
		};
		78FB475022D4365900A9F4AF /* iWriterTests */ = {
			isa = PBXNativeTarget;
			buildConfigurationList = 78FB476822D4365900A9F4AF /* Build configuration list for PBXNativeTarget "iWriterTests" */;
			buildPhases = (
				78FB474D22D4365900A9F4AF /* Sources */,
				78FB474E22D4365900A9F4AF /* Frameworks */,
				78FB474F22D4365900A9F4AF /* Resources */,
			);
			buildRules = (
			);
			dependencies = (
				78FB475322D4365900A9F4AF /* PBXTargetDependency */,
			);
			name = iWriterTests;
			productName = iWriterTests;
			productReference = 78FB475122D4365900A9F4AF /* iWriterTests.xctest */;
			productType = "com.apple.product-type.bundle.unit-test";
		};
		78FB475B22D4365900A9F4AF /* iWriterUITests */ = {
			isa = PBXNativeTarget;
			buildConfigurationList = 78FB476B22D4365900A9F4AF /* Build configuration list for PBXNativeTarget "iWriterUITests" */;
			buildPhases = (
				78FB475822D4365900A9F4AF /* Sources */,
				78FB475922D4365900A9F4AF /* Frameworks */,
				78FB475A22D4365900A9F4AF /* Resources */,
			);
			buildRules = (
			);
			dependencies = (
				78FB475E22D4365900A9F4AF /* PBXTargetDependency */,
			);
			name = iWriterUITests;
			productName = iWriterUITests;
			productReference = 78FB475C22D4365900A9F4AF /* iWriterUITests.xctest */;
			productType = "com.apple.product-type.bundle.ui-testing";
		};
/* End PBXNativeTarget section */

/* Begin PBXProject section */
		78FB473722D4365800A9F4AF /* Project object */ = {
			isa = PBXProject;
			attributes = {
				LastSwiftUpdateCheck = 1020;
				LastUpgradeCheck = 1200;
				ORGANIZATIONNAME = Jiangyouhua;
				TargetAttributes = {
					78FB473E22D4365800A9F4AF = {
						CreatedOnToolsVersion = 10.2.1;
						SystemCapabilities = {
							com.apple.Sandbox = {
								enabled = 1;
							};
						};
					};
					78FB475022D4365900A9F4AF = {
						CreatedOnToolsVersion = 10.2.1;
						TestTargetID = 78FB473E22D4365800A9F4AF;
					};
					78FB475B22D4365900A9F4AF = {
						CreatedOnToolsVersion = 10.2.1;
						TestTargetID = 78FB473E22D4365800A9F4AF;
					};
				};
			};
			buildConfigurationList = 78FB473A22D4365800A9F4AF /* Build configuration list for PBXProject "iWriter" */;
			compatibilityVersion = "Xcode 9.3";
			developmentRegion = en;
			hasScannedForEncodings = 0;
			knownRegions = (
				en,
				Base,
			);
			mainGroup = 78FB473622D4365800A9F4AF;
			productRefGroup = 78FB474022D4365800A9F4AF /* Products */;
			projectDirPath = "";
			projectReferences = (
				{
					ProductGroup = 780823902340E77400E0DA39 /* Products */;
					ProjectRef = 7808238F2340E77400E0DA39 /* ZipArchive.xcodeproj */;
				},
			);
			projectRoot = "";
			targets = (
				78FB473E22D4365800A9F4AF /* iWriter */,
				78FB475022D4365900A9F4AF /* iWriterTests */,
				78FB475B22D4365900A9F4AF /* iWriterUITests */,
			);
		};
/* End PBXProject section */

/* Begin PBXReferenceProxy section */
		780823972340E77400E0DA39 /* ZipArchive.framework */ = {
			isa = PBXReferenceProxy;
			fileType = wrapper.framework;
			path = ZipArchive.framework;
			remoteRef = 780823962340E77400E0DA39 /* PBXContainerItemProxy */;
			sourceTree = BUILT_PRODUCTS_DIR;
		};
		780823992340E77400E0DA39 /* ZipArchive.framework */ = {
			isa = PBXReferenceProxy;
			fileType = wrapper.framework;
			path = ZipArchive.framework;
			remoteRef = 780823982340E77400E0DA39 /* PBXContainerItemProxy */;
			sourceTree = BUILT_PRODUCTS_DIR;
		};
		7808239B2340E77400E0DA39 /* ZipArchive.framework */ = {
			isa = PBXReferenceProxy;
			fileType = wrapper.framework;
			path = ZipArchive.framework;
			remoteRef = 7808239A2340E77400E0DA39 /* PBXContainerItemProxy */;
			sourceTree = BUILT_PRODUCTS_DIR;
		};
		7808239D2340E77400E0DA39 /* ZipArchive.framework */ = {
			isa = PBXReferenceProxy;
			fileType = wrapper.framework;
			path = ZipArchive.framework;
			remoteRef = 7808239C2340E77400E0DA39 /* PBXContainerItemProxy */;
			sourceTree = BUILT_PRODUCTS_DIR;
		};
/* End PBXReferenceProxy section */

/* Begin PBXResourcesBuildPhase section */
		78FB473D22D4365800A9F4AF /* Resources */ = {
			isa = PBXResourcesBuildPhase;
			buildActionMask = 2147483647;
			files = (
				784D27C922D704A7001CDEE1 /* 047画板 12@0.5x.png in Resources */,
				784D27CF22D704A7001CDEE1 /* 047画板 23.png in Resources */,
				781C728F2358890A00763F04 /* RoleWindowController.xib in Resources */,
				784D27B922D704A7001CDEE1 /* 047画板 19.png in Resources */,
				784D27B122D704A7001CDEE1 /* 047画板 17@0.5x.png in Resources */,
				784D27CE22D704A7001CDEE1 /* 047画板 22@1.5x.png in Resources */,
				78C1018D22D5FEA10073416E /* 037画板 1@0.5x.png in Resources */,
				78FB474722D4365900A9F4AF /* Assets.xcassets in Resources */,
				78C1018122D5FEA10073416E /* 037画板 1@4x.png in Resources */,
				784D27CB22D704A7001CDEE1 /* 047画板 21.png in Resources */,
				784D27B322D704A7001CDEE1 /* 047画板 14.png in Resources */,
				784D27B822D704A7001CDEE1 /* 047画板 17@1.5x.png in Resources */,
				78C1018F22D5FEA10073416E /* 037画板 1@8x.png in Resources */,
				784D27BB22D704A7001CDEE1 /* 047画板 15@1.5x.png in Resources */,
				784D27D322D704A7001CDEE1 /* 047画板 15@0.5x.png in Resources */,
				78B71ED32459CA2B00EDACF4 /* JYHOutlineView.xib in Resources */,
				784D27C322D704A7001CDEE1 /* 047画板 21@1.5x.png in Resources */,
				784D27BC22D704A7001CDEE1 /* 047画板 20.png in Resources */,
				784D27BD22D704A7001CDEE1 /* 047画板 14@1.5x.png in Resources */,
				784D27AF22D704A7001CDEE1 /* 047画板 21@0.5x.png in Resources */,
				784D27C222D704A7001CDEE1 /* 047画板 22@0.5x.png in Resources */,
				784D27C722D704A7001CDEE1 /* 047画板 12@1.5x.png in Resources */,
				784D27B722D704A7001CDEE1 /* 047画板 13.png in Resources */,
				784D27C622D704A7001CDEE1 /* 047画板 16@0.5x.png in Resources */,
				784D27D022D704A7001CDEE1 /* 047画板 15.png in Resources */,
				784D27D122D704A7001CDEE1 /* 047画板 19@0.5x.png in Resources */,
				78C1018A22D5FEA10073416E /* 037画板 1@2x.png in Resources */,
				78D386CE2522261900496EA9 /* JYHTitleTabView.xib in Resources */,
				784D27B522D704A7001CDEE1 /* 047画板 20@1.5x.png in Resources */,
				78B71ECF2459BDCA00EDACF4 /* JYHBlockView.xib in Resources */,
				784D27B622D704A7001CDEE1 /* 047画板 18.png in Resources */,
				784D27C122D704A7001CDEE1 /* 047画板 18@1.5x.png in Resources */,
				784D27CA22D704A7001CDEE1 /* 047画板 19@1.5x.png in Resources */,
				784D27CD22D704A7001CDEE1 /* 047画板 20@0.5x.png in Resources */,
				784D27BF22D704A7001CDEE1 /* 047画板 17.png in Resources */,
				784D27C522D704A7001CDEE1 /* 047画板 14@0.5x.png in Resources */,
				78C1017522D5FEA10073416E /* 037画板 1@16x.png in Resources */,
				784D27CC22D704A7001CDEE1 /* 047画板 16.png in Resources */,
				784D27C822D704A7001CDEE1 /* 047画板 16@1.5x.png in Resources */,
				7884F6E524740031005FC6BF /* index.html in Resources */,
				784D27D422D704A7001CDEE1 /* 047画板 22.png in Resources */,
				784D27C422D704A7001CDEE1 /* 047画板 11@1.5x.png in Resources */,
				784D27B422D704A7001CDEE1 /* 047画板 13@0.5x.png in Resources */,
				784D27D222D704A7001CDEE1 /* 047画板 23@0.5x.png in Resources */,
				784D27BE22D704A7001CDEE1 /* 047画板 18@0.5x.png in Resources */,
				78FB474A22D4365900A9F4AF /* Main.storyboard in Resources */,
				788319172340E05F006FFD61 /* 037画板 1.png in Resources */,
				78C1018E22D5FEA10073416E /* 037画板 1@32x.png in Resources */,
				784D27BA22D704A7001CDEE1 /* 047画板 23@1.5x.png in Resources */,
				784D27B222D704A7001CDEE1 /* 047画板 13@1.5x.png in Resources */,
				784D27B022D704A7001CDEE1 /* 047画板 11.png in Resources */,
				784D27C022D704A7001CDEE1 /* 047画板 11@0.5x.png in Resources */,
				784D27AE22D704A7001CDEE1 /* 047画板 12.png in Resources */,
			);
			runOnlyForDeploymentPostprocessing = 0;
		};
		78FB474F22D4365900A9F4AF /* Resources */ = {
			isa = PBXResourcesBuildPhase;
			buildActionMask = 2147483647;
			files = (
			);
			runOnlyForDeploymentPostprocessing = 0;
		};
		78FB475A22D4365900A9F4AF /* Resources */ = {
			isa = PBXResourcesBuildPhase;
			buildActionMask = 2147483647;
			files = (
			);
			runOnlyForDeploymentPostprocessing = 0;
		};
/* End PBXResourcesBuildPhase section */

/* Begin PBXSourcesBuildPhase section */
		78FB473B22D4365800A9F4AF /* Sources */ = {
			isa = PBXSourcesBuildPhase;
			buildActionMask = 2147483647;
			files = (
				7873E4B0244F0D7900FC186B /* Cache.swift in Sources */,
				78FB477522D4383900A9F4AF /* Info.swift in Sources */,
				78845520241C787700F2C971 /* DragItem.swift in Sources */,
				78D386E12522269700496EA9 /* JYHDictionaryView.swift in Sources */,
				78FB474522D4365800A9F4AF /* ViewController.swift in Sources */,
				78FB478122D442B200A9F4AF /* Works.swift in Sources */,
				7884F6DC247158BD005FC6BF /* JYHIdeaView.swift in Sources */,
				78B71ED92462D9F900EDACF4 /* JYHNoteView.swift in Sources */,
				781B88212531C695006AB5DC /* JYHInfoView.swift in Sources */,
				78B71EDF2462DA3400EDACF4 /* JYHSearchView.swift in Sources */,
				78FB474322D4365800A9F4AF /* AppDelegate.swift in Sources */,
				7812000522E4544C00C32B9E /* Extension.swift in Sources */,
				782344FD2449D1DB006DDF85 /* Define.swift in Sources */,
				78B71EDB2462DA0C00EDACF4 /* JYHRoleView.swift in Sources */,
				7832601C245466F600F13658 /* Note.swift in Sources */,
				78B71ED12459C1A500EDACF4 /* JYHBlockView.swift in Sources */,
				78FB477722D4384800A9F4AF /* Chapter.swift in Sources */,
				781B881C253096D9006AB5DC /* JYHContentView.swift in Sources */,
				78D386D92522265200496EA9 /* JYHTitlesBarView.swift in Sources */,
				78A96C7C22E4D43A00280327 /* JYHView.swift in Sources */,
				78FB477922D4385700A9F4AF /* Role.swift in Sources */,
				78B71EDD2462DA1D00EDACF4 /* JYHSymbolView.swift in Sources */,
				7840B81C251CDDFD00D065FC /* MainWindowController.swift in Sources */,
				7880F26B25554D8C00E62425 /* Model.swift in Sources */,
				781B883D2535F3CA006AB5DC /* JYHTextView.swift in Sources */,
				78FB477B22D4386200A9F4AF /* Symbol.swift in Sources */,
				78B71ED72462D9E200EDACF4 /* JYHCatalogView.swift in Sources */,
				78FB477F22D4389B00A9F4AF /* ModelDelegate.swift in Sources */,
				781C728E2358890A00763F04 /* RoleWindowController.swift in Sources */,
				78D386CF2522261900496EA9 /* JYHTitleTabView.swift in Sources */,
				780508D322E5C33300A36E18 /* JYHTextField.swift in Sources */,
				78B71ED52459CB4200EDACF4 /* JYHOutlineView.swift in Sources */,
			);
			runOnlyForDeploymentPostprocessing = 0;
		};
		78FB474D22D4365900A9F4AF /* Sources */ = {
			isa = PBXSourcesBuildPhase;
			buildActionMask = 2147483647;
			files = (
				78FB475622D4365900A9F4AF /* iWriterTests.swift in Sources */,
			);
			runOnlyForDeploymentPostprocessing = 0;
		};
		78FB475822D4365900A9F4AF /* Sources */ = {
			isa = PBXSourcesBuildPhase;
			buildActionMask = 2147483647;
			files = (
				78FB476122D4365900A9F4AF /* iWriterUITests.swift in Sources */,
			);
			runOnlyForDeploymentPostprocessing = 0;
		};
/* End PBXSourcesBuildPhase section */

/* Begin PBXTargetDependency section */
		78FB475322D4365900A9F4AF /* PBXTargetDependency */ = {
			isa = PBXTargetDependency;
			target = 78FB473E22D4365800A9F4AF /* iWriter */;
			targetProxy = 78FB475222D4365900A9F4AF /* PBXContainerItemProxy */;
		};
		78FB475E22D4365900A9F4AF /* PBXTargetDependency */ = {
			isa = PBXTargetDependency;
			target = 78FB473E22D4365800A9F4AF /* iWriter */;
			targetProxy = 78FB475D22D4365900A9F4AF /* PBXContainerItemProxy */;
		};
/* End PBXTargetDependency section */

/* Begin PBXVariantGroup section */
		78FB474822D4365900A9F4AF /* Main.storyboard */ = {
			isa = PBXVariantGroup;
			children = (
				78FB474922D4365900A9F4AF /* Base */,
			);
			name = Main.storyboard;
			sourceTree = "<group>";
		};
/* End PBXVariantGroup section */

/* Begin XCBuildConfiguration section */
		78FB476322D4365900A9F4AF /* Debug */ = {
			isa = XCBuildConfiguration;
			buildSettings = {
				ALWAYS_SEARCH_USER_PATHS = NO;
				CLANG_ANALYZER_NONNULL = YES;
				CLANG_ANALYZER_NUMBER_OBJECT_CONVERSION = YES_AGGRESSIVE;
				CLANG_CXX_LANGUAGE_STANDARD = "gnu++14";
				CLANG_CXX_LIBRARY = "libc++";
				CLANG_ENABLE_MODULES = YES;
				CLANG_ENABLE_OBJC_ARC = YES;
				CLANG_ENABLE_OBJC_WEAK = YES;
				CLANG_WARN_BLOCK_CAPTURE_AUTORELEASING = YES;
				CLANG_WARN_BOOL_CONVERSION = YES;
				CLANG_WARN_COMMA = YES;
				CLANG_WARN_CONSTANT_CONVERSION = YES;
				CLANG_WARN_DEPRECATED_OBJC_IMPLEMENTATIONS = YES;
				CLANG_WARN_DIRECT_OBJC_ISA_USAGE = YES_ERROR;
				CLANG_WARN_DOCUMENTATION_COMMENTS = YES;
				CLANG_WARN_EMPTY_BODY = YES;
				CLANG_WARN_ENUM_CONVERSION = YES;
				CLANG_WARN_INFINITE_RECURSION = YES;
				CLANG_WARN_INT_CONVERSION = YES;
				CLANG_WARN_NON_LITERAL_NULL_CONVERSION = YES;
				CLANG_WARN_OBJC_IMPLICIT_RETAIN_SELF = YES;
				CLANG_WARN_OBJC_LITERAL_CONVERSION = YES;
				CLANG_WARN_OBJC_ROOT_CLASS = YES_ERROR;
				CLANG_WARN_QUOTED_INCLUDE_IN_FRAMEWORK_HEADER = YES;
				CLANG_WARN_RANGE_LOOP_ANALYSIS = YES;
				CLANG_WARN_STRICT_PROTOTYPES = YES;
				CLANG_WARN_SUSPICIOUS_MOVE = YES;
				CLANG_WARN_UNGUARDED_AVAILABILITY = YES_AGGRESSIVE;
				CLANG_WARN_UNREACHABLE_CODE = YES;
				CLANG_WARN__DUPLICATE_METHOD_MATCH = YES;
				CODE_SIGN_IDENTITY = "Mac Developer";
				COPY_PHASE_STRIP = NO;
				DEBUG_INFORMATION_FORMAT = dwarf;
				ENABLE_STRICT_OBJC_MSGSEND = YES;
				ENABLE_TESTABILITY = YES;
				GCC_C_LANGUAGE_STANDARD = gnu11;
				GCC_DYNAMIC_NO_PIC = NO;
				GCC_NO_COMMON_BLOCKS = YES;
				GCC_OPTIMIZATION_LEVEL = 0;
				GCC_PREPROCESSOR_DEFINITIONS = (
					"DEBUG=1",
					"$(inherited)",
				);
				GCC_WARN_64_TO_32_BIT_CONVERSION = YES;
				GCC_WARN_ABOUT_RETURN_TYPE = YES_ERROR;
				GCC_WARN_UNDECLARED_SELECTOR = YES;
				GCC_WARN_UNINITIALIZED_AUTOS = YES_AGGRESSIVE;
				GCC_WARN_UNUSED_FUNCTION = YES;
				GCC_WARN_UNUSED_VARIABLE = YES;
				MACOSX_DEPLOYMENT_TARGET = 10.14;
				MTL_ENABLE_DEBUG_INFO = INCLUDE_SOURCE;
				MTL_FAST_MATH = YES;
				ONLY_ACTIVE_ARCH = YES;
				SDKROOT = macosx;
				SWIFT_ACTIVE_COMPILATION_CONDITIONS = DEBUG;
				SWIFT_OPTIMIZATION_LEVEL = "-Onone";
			};
			name = Debug;
		};
		78FB476422D4365900A9F4AF /* Release */ = {
			isa = XCBuildConfiguration;
			buildSettings = {
				ALWAYS_SEARCH_USER_PATHS = NO;
				CLANG_ANALYZER_NONNULL = YES;
				CLANG_ANALYZER_NUMBER_OBJECT_CONVERSION = YES_AGGRESSIVE;
				CLANG_CXX_LANGUAGE_STANDARD = "gnu++14";
				CLANG_CXX_LIBRARY = "libc++";
				CLANG_ENABLE_MODULES = YES;
				CLANG_ENABLE_OBJC_ARC = YES;
				CLANG_ENABLE_OBJC_WEAK = YES;
				CLANG_WARN_BLOCK_CAPTURE_AUTORELEASING = YES;
				CLANG_WARN_BOOL_CONVERSION = YES;
				CLANG_WARN_COMMA = YES;
				CLANG_WARN_CONSTANT_CONVERSION = YES;
				CLANG_WARN_DEPRECATED_OBJC_IMPLEMENTATIONS = YES;
				CLANG_WARN_DIRECT_OBJC_ISA_USAGE = YES_ERROR;
				CLANG_WARN_DOCUMENTATION_COMMENTS = YES;
				CLANG_WARN_EMPTY_BODY = YES;
				CLANG_WARN_ENUM_CONVERSION = YES;
				CLANG_WARN_INFINITE_RECURSION = YES;
				CLANG_WARN_INT_CONVERSION = YES;
				CLANG_WARN_NON_LITERAL_NULL_CONVERSION = YES;
				CLANG_WARN_OBJC_IMPLICIT_RETAIN_SELF = YES;
				CLANG_WARN_OBJC_LITERAL_CONVERSION = YES;
				CLANG_WARN_OBJC_ROOT_CLASS = YES_ERROR;
				CLANG_WARN_QUOTED_INCLUDE_IN_FRAMEWORK_HEADER = YES;
				CLANG_WARN_RANGE_LOOP_ANALYSIS = YES;
				CLANG_WARN_STRICT_PROTOTYPES = YES;
				CLANG_WARN_SUSPICIOUS_MOVE = YES;
				CLANG_WARN_UNGUARDED_AVAILABILITY = YES_AGGRESSIVE;
				CLANG_WARN_UNREACHABLE_CODE = YES;
				CLANG_WARN__DUPLICATE_METHOD_MATCH = YES;
				CODE_SIGN_IDENTITY = "Mac Developer";
				COPY_PHASE_STRIP = NO;
				DEBUG_INFORMATION_FORMAT = "dwarf-with-dsym";
				ENABLE_NS_ASSERTIONS = NO;
				ENABLE_STRICT_OBJC_MSGSEND = YES;
				GCC_C_LANGUAGE_STANDARD = gnu11;
				GCC_NO_COMMON_BLOCKS = YES;
				GCC_WARN_64_TO_32_BIT_CONVERSION = YES;
				GCC_WARN_ABOUT_RETURN_TYPE = YES_ERROR;
				GCC_WARN_UNDECLARED_SELECTOR = YES;
				GCC_WARN_UNINITIALIZED_AUTOS = YES_AGGRESSIVE;
				GCC_WARN_UNUSED_FUNCTION = YES;
				GCC_WARN_UNUSED_VARIABLE = YES;
				MACOSX_DEPLOYMENT_TARGET = 10.14;
				MTL_ENABLE_DEBUG_INFO = NO;
				MTL_FAST_MATH = YES;
				SDKROOT = macosx;
				SWIFT_COMPILATION_MODE = wholemodule;
				SWIFT_OPTIMIZATION_LEVEL = "-O";
			};
			name = Release;
		};
		78FB476622D4365900A9F4AF /* Debug */ = {
			isa = XCBuildConfiguration;
			buildSettings = {
				ASSETCATALOG_COMPILER_APPICON_NAME = AppIcon;
				CODE_SIGN_ENTITLEMENTS = iWriter/iWriter.entitlements;
				CODE_SIGN_IDENTITY = "-";
				CODE_SIGN_STYLE = Automatic;
				COMBINE_HIDPI_IMAGES = YES;
				DEVELOPMENT_TEAM = 6Q84LRSMLQ;
				INFOPLIST_FILE = iWriter/Info.plist;
				LD_RUNPATH_SEARCH_PATHS = (
					"$(inherited)",
					"@executable_path/../Frameworks",
				);
				PRODUCT_BUNDLE_IDENTIFIER = com.jiangyouhua.iWriter;
				PRODUCT_NAME = "$(TARGET_NAME)";
				SWIFT_VERSION = 5.0;
			};
			name = Debug;
		};
		78FB476722D4365900A9F4AF /* Release */ = {
			isa = XCBuildConfiguration;
			buildSettings = {
				ASSETCATALOG_COMPILER_APPICON_NAME = AppIcon;
				CODE_SIGN_ENTITLEMENTS = iWriter/iWriter.entitlements;
				CODE_SIGN_IDENTITY = "-";
				CODE_SIGN_STYLE = Automatic;
				COMBINE_HIDPI_IMAGES = YES;
				DEVELOPMENT_TEAM = 6Q84LRSMLQ;
				INFOPLIST_FILE = iWriter/Info.plist;
				LD_RUNPATH_SEARCH_PATHS = (
					"$(inherited)",
					"@executable_path/../Frameworks",
				);
				PRODUCT_BUNDLE_IDENTIFIER = com.jiangyouhua.iWriter;
				PRODUCT_NAME = "$(TARGET_NAME)";
				SWIFT_VERSION = 5.0;
			};
			name = Release;
		};
		78FB476922D4365900A9F4AF /* Debug */ = {
			isa = XCBuildConfiguration;
			buildSettings = {
				ALWAYS_EMBED_SWIFT_STANDARD_LIBRARIES = YES;
				BUNDLE_LOADER = "$(TEST_HOST)";
				CODE_SIGN_STYLE = Automatic;
				COMBINE_HIDPI_IMAGES = YES;
				DEVELOPMENT_TEAM = 6Q84LRSMLQ;
				INFOPLIST_FILE = iWriterTests/Info.plist;
				LD_RUNPATH_SEARCH_PATHS = (
					"$(inherited)",
					"@executable_path/../Frameworks",
					"@loader_path/../Frameworks",
				);
				PRODUCT_BUNDLE_IDENTIFIER = com.jiangyouhua.iWriterTests;
				PRODUCT_NAME = "$(TARGET_NAME)";
				SWIFT_VERSION = 5.0;
				TEST_HOST = "$(BUILT_PRODUCTS_DIR)/iWriter.app/Contents/MacOS/iWriter";
			};
			name = Debug;
		};
		78FB476A22D4365900A9F4AF /* Release */ = {
			isa = XCBuildConfiguration;
			buildSettings = {
				ALWAYS_EMBED_SWIFT_STANDARD_LIBRARIES = YES;
				BUNDLE_LOADER = "$(TEST_HOST)";
				CODE_SIGN_STYLE = Automatic;
				COMBINE_HIDPI_IMAGES = YES;
				DEVELOPMENT_TEAM = 6Q84LRSMLQ;
				INFOPLIST_FILE = iWriterTests/Info.plist;
				LD_RUNPATH_SEARCH_PATHS = (
					"$(inherited)",
					"@executable_path/../Frameworks",
					"@loader_path/../Frameworks",
				);
				PRODUCT_BUNDLE_IDENTIFIER = com.jiangyouhua.iWriterTests;
				PRODUCT_NAME = "$(TARGET_NAME)";
				SWIFT_VERSION = 5.0;
				TEST_HOST = "$(BUILT_PRODUCTS_DIR)/iWriter.app/Contents/MacOS/iWriter";
			};
			name = Release;
		};
		78FB476C22D4365900A9F4AF /* Debug */ = {
			isa = XCBuildConfiguration;
			buildSettings = {
				ALWAYS_EMBED_SWIFT_STANDARD_LIBRARIES = YES;
				CODE_SIGN_STYLE = Automatic;
				COMBINE_HIDPI_IMAGES = YES;
				DEVELOPMENT_TEAM = 6Q84LRSMLQ;
				INFOPLIST_FILE = iWriterUITests/Info.plist;
				LD_RUNPATH_SEARCH_PATHS = (
					"$(inherited)",
					"@executable_path/../Frameworks",
					"@loader_path/../Frameworks",
				);
				PRODUCT_BUNDLE_IDENTIFIER = com.jiangyouhua.iWriterUITests;
				PRODUCT_NAME = "$(TARGET_NAME)";
				SWIFT_VERSION = 5.0;
				TEST_TARGET_NAME = iWriter;
			};
			name = Debug;
		};
		78FB476D22D4365900A9F4AF /* Release */ = {
			isa = XCBuildConfiguration;
			buildSettings = {
				ALWAYS_EMBED_SWIFT_STANDARD_LIBRARIES = YES;
				CODE_SIGN_STYLE = Automatic;
				COMBINE_HIDPI_IMAGES = YES;
				DEVELOPMENT_TEAM = 6Q84LRSMLQ;
				INFOPLIST_FILE = iWriterUITests/Info.plist;
				LD_RUNPATH_SEARCH_PATHS = (
					"$(inherited)",
					"@executable_path/../Frameworks",
					"@loader_path/../Frameworks",
				);
				PRODUCT_BUNDLE_IDENTIFIER = com.jiangyouhua.iWriterUITests;
				PRODUCT_NAME = "$(TARGET_NAME)";
				SWIFT_VERSION = 5.0;
				TEST_TARGET_NAME = iWriter;
			};
			name = Release;
		};
/* End XCBuildConfiguration section */

/* Begin XCConfigurationList section */
		78FB473A22D4365800A9F4AF /* Build configuration list for PBXProject "iWriter" */ = {
			isa = XCConfigurationList;
			buildConfigurations = (
				78FB476322D4365900A9F4AF /* Debug */,
				78FB476422D4365900A9F4AF /* Release */,
			);
			defaultConfigurationIsVisible = 0;
			defaultConfigurationName = Release;
		};
		78FB476522D4365900A9F4AF /* Build configuration list for PBXNativeTarget "iWriter" */ = {
			isa = XCConfigurationList;
			buildConfigurations = (
				78FB476622D4365900A9F4AF /* Debug */,
				78FB476722D4365900A9F4AF /* Release */,
			);
			defaultConfigurationIsVisible = 0;
			defaultConfigurationName = Release;
		};
		78FB476822D4365900A9F4AF /* Build configuration list for PBXNativeTarget "iWriterTests" */ = {
			isa = XCConfigurationList;
			buildConfigurations = (
				78FB476922D4365900A9F4AF /* Debug */,
				78FB476A22D4365900A9F4AF /* Release */,
			);
			defaultConfigurationIsVisible = 0;
			defaultConfigurationName = Release;
		};
		78FB476B22D4365900A9F4AF /* Build configuration list for PBXNativeTarget "iWriterUITests" */ = {
			isa = XCConfigurationList;
			buildConfigurations = (
				78FB476C22D4365900A9F4AF /* Debug */,
				78FB476D22D4365900A9F4AF /* Release */,
			);
			defaultConfigurationIsVisible = 0;
			defaultConfigurationName = Release;
		};
/* End XCConfigurationList section */
	};
	rootObject = 78FB473722D4365800A9F4AF /* Project object */;
}
